{
  "version": 4,
  "terraform_version": "1.11.2",
  "serial": 627,
  "lineage": "543c285a-5c63-dfe3-4a57-cd52773bd732",
  "outputs": {},
  "resources": [
    {
      "mode": "data",
      "type": "aws_availability_zones",
      "name": "available",
      "provider": "provider[\"registry.terraform.io/hashicorp/aws\"]",
      "instances": [
        {
          "schema_version": 0,
          "attributes": {
            "all_availability_zones": null,
            "exclude_names": null,
            "exclude_zone_ids": null,
            "filter": null,
            "group_names": [
              "eu-central-1-zg-1"
            ],
            "id": "eu-central-1",
            "names": [
              "eu-central-1a",
              "eu-central-1b",
              "eu-central-1c"
            ],
            "state": null,
            "timeouts": null,
            "zone_ids": [
              "euc1-az2",
              "euc1-az3",
              "euc1-az1"
            ]
          },
          "sensitive_attributes": []
        }
      ]
    },
    {
      "mode": "managed",
      "type": "aws_db_instance",
      "name": "default",
      "provider": "provider[\"registry.terraform.io/hashicorp/aws\"]",
      "instances": [
        {
          "schema_version": 2,
          "attributes": {
            "address": "terraform-20250403081443492900000010.cf8sgoumwrz6.eu-central-1.rds.amazonaws.com",
            "allocated_storage": 10,
            "allow_major_version_upgrade": null,
            "apply_immediately": false,
            "arn": "arn:aws:rds:eu-central-1:864899830569:db:terraform-20250403081443492900000010",
            "auto_minor_version_upgrade": true,
            "availability_zone": "eu-central-1a",
            "backup_retention_period": 0,
            "backup_target": "region",
            "backup_window": "21:59-22:29",
            "blue_green_update": [],
            "ca_cert_identifier": "rds-ca-rsa2048-g1",
            "character_set_name": "",
            "copy_tags_to_snapshot": false,
            "custom_iam_instance_profile": "",
            "customer_owned_ip_enabled": false,
            "database_insights_mode": "standard",
            "db_name": "binaryTree",
            "db_subnet_group_name": "jenkins-db-subnet-group",
            "dedicated_log_volume": false,
            "delete_automated_backups": true,
            "deletion_protection": false,
            "domain": "",
            "domain_auth_secret_arn": "",
            "domain_dns_ips": null,
            "domain_fqdn": "",
            "domain_iam_role_name": "",
            "domain_ou": "",
            "enabled_cloudwatch_logs_exports": null,
            "endpoint": "terraform-20250403081443492900000010.cf8sgoumwrz6.eu-central-1.rds.amazonaws.com:5432",
            "engine": "postgres",
            "engine_lifecycle_support": "open-source-rds-extended-support",
            "engine_version": "11.22",
            "engine_version_actual": "11.22",
            "final_snapshot_identifier": null,
            "hosted_zone_id": "Z1RLNUO7B9Q6NB",
            "iam_database_authentication_enabled": false,
            "id": "db-2QSIN5GODLD4UVJB6WBOUFNFWA",
            "identifier": "terraform-20250403081443492900000010",
            "identifier_prefix": "terraform-",
            "instance_class": "db.t3.micro",
            "iops": 0,
            "kms_key_id": "",
            "latest_restorable_time": "",
            "license_model": "postgresql-license",
            "listener_endpoint": [],
            "maintenance_window": "sat:03:07-sat:03:37",
            "manage_master_user_password": null,
            "master_user_secret": [],
            "master_user_secret_kms_key_id": null,
            "max_allocated_storage": 0,
            "monitoring_interval": 0,
            "monitoring_role_arn": "",
            "multi_az": false,
            "nchar_character_set_name": "",
            "network_type": "IPV4",
            "option_group_name": "default:postgres-11",
            "parameter_group_name": "default.postgres11",
            "password": "postgres",
            "password_wo": null,
            "password_wo_version": null,
            "performance_insights_enabled": false,
            "performance_insights_kms_key_id": "",
            "performance_insights_retention_period": 0,
            "port": 5432,
            "publicly_accessible": false,
            "replica_mode": "",
            "replicas": [],
            "replicate_source_db": "",
            "resource_id": "db-2QSIN5GODLD4UVJB6WBOUFNFWA",
            "restore_to_point_in_time": [],
            "s3_import": [],
            "skip_final_snapshot": true,
            "snapshot_identifier": null,
            "status": "available",
            "storage_encrypted": false,
            "storage_throughput": 0,
            "storage_type": "gp2",
            "tags": null,
            "tags_all": {},
            "timeouts": null,
            "timezone": "",
            "upgrade_storage_config": null,
            "username": "postgres",
            "vpc_security_group_ids": [
              "sg-058066c21fdf906cd"
            ]
          },
          "sensitive_attributes": [
            [
              {
                "type": "get_attr",
                "value": "password_wo"
              }
            ],
            [
              {
                "type": "get_attr",
                "value": "password"
              }
            ]
          ],
          "private": "eyJlMmJmYjczMC1lY2FhLTExZTYtOGY4OC0zNDM2M2JjN2M0YzAiOnsiY3JlYXRlIjozMDAwMDAwMDAwMDAwLCJkZWxldGUiOjM2MDAwMDAwMDAwMDAsInVwZGF0ZSI6NDgwMDAwMDAwMDAwMH0sInNjaGVtYV92ZXJzaW9uIjoiMiJ9",
          "dependencies": [
            "aws_db_subnet_group.default",
            "aws_security_group.jenkins_sg",
            "aws_subnet.public_subnet",
            "aws_vpc.jenkins_vpc",
            "data.aws_availability_zones.available"
          ]
        }
      ]
    },
    {
      "mode": "managed",
      "type": "aws_db_subnet_group",
      "name": "default",
      "provider": "provider[\"registry.terraform.io/hashicorp/aws\"]",
      "instances": [
        {
          "schema_version": 0,
          "attributes": {
            "arn": "arn:aws:rds:eu-central-1:864899830569:subgrp:jenkins-db-subnet-group",
            "description": "Managed by Terraform",
            "id": "jenkins-db-subnet-group",
            "name": "jenkins-db-subnet-group",
            "name_prefix": "",
            "subnet_ids": [
              "subnet-062af7b8d64d60eac",
              "subnet-0a5d819eb03a6db0d",
              "subnet-0c3b5c070b37a60ff"
            ],
            "supported_network_types": [
              "IPV4"
            ],
            "tags": {
              "Name": "Jenkins-DB-Subnet-Group"
            },
            "tags_all": {
              "Name": "Jenkins-DB-Subnet-Group"
            },
            "vpc_id": "vpc-0bf49f16776cc166c"
          },
          "sensitive_attributes": [],
          "private": "bnVsbA==",
          "dependencies": [
            "aws_subnet.public_subnet",
            "aws_vpc.jenkins_vpc",
            "data.aws_availability_zones.available"
          ]
        }
      ]
    },
    {
      "mode": "managed",
      "type": "aws_ecr_repository",
      "name": "binary-tree-ecr",
      "provider": "provider[\"registry.terraform.io/hashicorp/aws\"]",
      "instances": [
        {
          "schema_version": 0,
          "attributes": {
            "arn": "arn:aws:ecr:eu-central-1:864899830569:repository/binary-tree",
            "encryption_configuration": [
              {
                "encryption_type": "AES256",
                "kms_key": ""
              }
            ],
            "force_delete": null,
            "id": "binary-tree",
            "image_scanning_configuration": [
              {
                "scan_on_push": true
              }
            ],
            "image_tag_mutability": "MUTABLE",
            "name": "binary-tree",
            "registry_id": "864899830569",
            "repository_url": "864899830569.dkr.ecr.eu-central-1.amazonaws.com/binary-tree",
            "tags": null,
            "tags_all": {},
            "timeouts": null
          },
          "sensitive_attributes": [],
          "private": "eyJlMmJmYjczMC1lY2FhLTExZTYtOGY4OC0zNDM2M2JjN2M0YzAiOnsiZGVsZXRlIjoxMjAwMDAwMDAwMDAwfX0="
        }
      ]
    },
    {
      "mode": "managed",
      "type": "aws_iam_instance_profile",
      "name": "ec2_s3_instance_profile",
      "provider": "provider[\"registry.terraform.io/hashicorp/aws\"]",
      "instances": [
        {
          "schema_version": 0,
          "attributes": {
            "arn": "arn:aws:iam::864899830569:instance-profile/ec2_s3_instance_profile",
            "create_date": "2025-04-03T08:14:31Z",
            "id": "ec2_s3_instance_profile",
            "name": "ec2_s3_instance_profile",
            "name_prefix": "",
            "path": "/",
            "role": "ec2_s3_role",
            "tags": null,
            "tags_all": {},
            "unique_id": "AIPA4SYAMCMU6HLRUVYCW"
          },
          "sensitive_attributes": [],
          "private": "bnVsbA==",
          "dependencies": [
            "aws_iam_role.ec2_s3_role"
          ]
        }
      ]
    },
    {
      "mode": "managed",
      "type": "aws_iam_policy",
      "name": "s3_access_policy",
      "provider": "provider[\"registry.terraform.io/hashicorp/aws\"]",
      "instances": [
        {
          "schema_version": 0,
          "attributes": {
            "arn": "arn:aws:iam::864899830569:policy/S3AccessPolicy",
            "attachment_count": 0,
            "description": "IAM policy to allow EC2 access to S3 and ECR",
            "id": "arn:aws:iam::864899830569:policy/S3AccessPolicy",
            "name": "S3AccessPolicy",
            "name_prefix": "",
            "path": "/",
            "policy": "{\"Statement\":[{\"Action\":\"s3:*\",\"Effect\":\"Allow\",\"Resource\":[\"arn:aws:s3:::my-liquibase-migrations-yczp3qpu\",\"arn:aws:s3:::my-liquibase-migrations-yczp3qpu/*\"]},{\"Action\":[\"ecr:GetDownloadUrlForLayer\",\"ecr:BatchGetImage\",\"ecr:BatchCheckLayerAvailability\",\"ecr:PutImage\",\"ecr:InitiateLayerUpload\",\"ecr:UploadLayerPart\",\"ecr:CompleteLayerUpload\",\"ecr:DescribeRepositories\",\"ecr:GetRepositoryPolicy\",\"ecr:ListImages\",\"ecr:DeleteRepository\",\"ecr:BatchDeleteImage\",\"ecr:SetRepositoryPolicy\",\"ecr:DeleteRepositoryPolicy\",\"ecr:GetAuthorizationToken\"],\"Effect\":\"Allow\",\"Resource\":\"*\"}],\"Version\":\"2012-10-17\"}",
            "policy_id": "ANPA4SYAMCMUSIFWSZNOH",
            "tags": null,
            "tags_all": {}
          },
          "sensitive_attributes": [],
          "private": "bnVsbA==",
          "dependencies": [
            "aws_s3_bucket.liquibase_bucket",
            "random_string.suffix"
          ]
        }
      ]
    },
    {
      "mode": "managed",
      "type": "aws_iam_role",
      "name": "ec2_s3_role",
      "provider": "provider[\"registry.terraform.io/hashicorp/aws\"]",
      "instances": [
        {
          "schema_version": 0,
          "attributes": {
            "arn": "arn:aws:iam::864899830569:role/ec2_s3_role",
            "assume_role_policy": "{\"Statement\":[{\"Action\":\"sts:AssumeRole\",\"Effect\":\"Allow\",\"Principal\":{\"Service\":\"ec2.amazonaws.com\"}}],\"Version\":\"2012-10-17\"}",
            "create_date": "2025-04-03T08:14:31Z",
            "description": "",
            "force_detach_policies": false,
            "id": "ec2_s3_role",
            "inline_policy": [],
            "managed_policy_arns": [],
            "max_session_duration": 3600,
            "name": "ec2_s3_role",
            "name_prefix": "",
            "path": "/",
            "permissions_boundary": "",
            "tags": null,
            "tags_all": {},
            "unique_id": "AROA4SYAMCMU4VUMIIHY4"
          },
          "sensitive_attributes": [],
          "private": "bnVsbA=="
        }
      ]
    },
    {
      "mode": "managed",
      "type": "aws_iam_role_policy_attachment",
      "name": "attach_s3_policy",
      "provider": "provider[\"registry.terraform.io/hashicorp/aws\"]",
      "instances": [
        {
          "schema_version": 0,
          "attributes": {
            "id": "ec2_s3_role-2025040308142116550000000a",
            "policy_arn": "arn:aws:iam::864899830569:policy/S3AccessPolicy",
            "role": "ec2_s3_role"
          },
          "sensitive_attributes": [],
          "private": "bnVsbA==",
          "dependencies": [
            "aws_iam_policy.s3_access_policy",
            "aws_iam_role.ec2_s3_role",
            "aws_s3_bucket.liquibase_bucket",
            "random_string.suffix"
          ]
        }
      ]
    },
    {
      "mode": "managed",
      "type": "aws_instance",
      "name": "jenkins_ec2",
      "provider": "provider[\"registry.terraform.io/hashicorp/aws\"]",
      "instances": [
        {
          "schema_version": 1,
          "attributes": {
            "ami": "ami-0bade3941f267d2b8",
            "arn": "arn:aws:ec2:eu-central-1:864899830569:instance/i-057f67fc10ef43b83",
            "associate_public_ip_address": true,
            "availability_zone": "eu-central-1a",
            "capacity_reservation_specification": [
              {
                "capacity_reservation_preference": "open",
                "capacity_reservation_target": []
              }
            ],
            "cpu_core_count": 2,
            "cpu_options": [
              {
                "amd_sev_snp": "",
                "core_count": 2,
                "threads_per_core": 1
              }
            ],
            "cpu_threads_per_core": 1,
            "credit_specification": [
              {
                "cpu_credits": "standard"
              }
            ],
            "disable_api_stop": false,
            "disable_api_termination": false,
            "ebs_block_device": [],
            "ebs_optimized": false,
            "enable_primary_ipv6": null,
            "enclave_options": [
              {
                "enabled": false
              }
            ],
            "ephemeral_block_device": [],
            "get_password_data": false,
            "hibernation": false,
            "host_id": "",
            "host_resource_group_arn": null,
            "iam_instance_profile": "ec2_s3_instance_profile",
            "id": "i-057f67fc10ef43b83",
            "instance_initiated_shutdown_behavior": "stop",
            "instance_lifecycle": "",
            "instance_market_options": [],
            "instance_state": "running",
            "instance_type": "t2.medium",
            "ipv6_address_count": 0,
            "ipv6_addresses": [],
            "key_name": "terraformkp",
            "launch_template": [],
            "maintenance_options": [
              {
                "auto_recovery": "default"
              }
            ],
            "metadata_options": [
              {
                "http_endpoint": "enabled",
                "http_protocol_ipv6": "disabled",
                "http_put_response_hop_limit": 2,
                "http_tokens": "required",
                "instance_metadata_tags": "disabled"
              }
            ],
            "monitoring": false,
            "network_interface": [],
            "outpost_arn": "",
            "password_data": "",
            "placement_group": "",
            "placement_partition_number": 0,
            "primary_network_interface_id": "eni-0c2d80c02e9cb4983",
            "private_dns": "ip-10-0-0-130.eu-central-1.compute.internal",
            "private_dns_name_options": [
              {
                "enable_resource_name_dns_a_record": false,
                "enable_resource_name_dns_aaaa_record": false,
                "hostname_type": "ip-name"
              }
            ],
            "private_ip": "10.0.0.130",
            "public_dns": "ec2-3-123-36-117.eu-central-1.compute.amazonaws.com",
            "public_ip": "3.123.36.117",
            "root_block_device": [
              {
                "delete_on_termination": true,
                "device_name": "/dev/xvda",
                "encrypted": true,
                "iops": 3000,
                "kms_key_id": "arn:aws:kms:eu-central-1:864899830569:key/3c98dcc7-7276-4305-8130-433a4514eb00",
                "tags": null,
                "tags_all": {},
                "throughput": 125,
                "volume_id": "vol-0cccad0a7ecf44889",
                "volume_size": 20,
                "volume_type": "gp3"
              }
            ],
            "secondary_private_ips": [],
            "security_groups": [],
            "source_dest_check": true,
            "spot_instance_request_id": "",
            "subnet_id": "subnet-062af7b8d64d60eac",
            "tags": {
              "Name": "Jenkins"
            },
            "tags_all": {
              "Name": "Jenkins"
            },
            "tenancy": "default",
            "timeouts": null,
            "user_data": "54d008677753d45a136d39641de59aec8b35b218",
            "user_data_base64": null,
            "user_data_replace_on_change": false,
            "volume_tags": null,
            "vpc_security_group_ids": [
              "sg-058066c21fdf906cd"
            ]
          },
          "sensitive_attributes": [],
          "private": "eyJlMmJmYjczMC1lY2FhLTExZTYtOGY4OC0zNDM2M2JjN2M0YzAiOnsiY3JlYXRlIjo2MDAwMDAwMDAwMDAsImRlbGV0ZSI6MTIwMDAwMDAwMDAwMCwicmVhZCI6OTAwMDAwMDAwMDAwLCJ1cGRhdGUiOjYwMDAwMDAwMDAwMH0sInNjaGVtYV92ZXJzaW9uIjoiMSJ9",
          "dependencies": [
            "aws_db_instance.default",
            "aws_db_subnet_group.default",
            "aws_iam_instance_profile.ec2_s3_instance_profile",
            "aws_iam_role.ec2_s3_role",
            "aws_internet_gateway.jenkins_gw",
            "aws_s3_bucket.liquibase_bucket",
            "aws_security_group.jenkins_sg",
            "aws_subnet.public_subnet",
            "aws_vpc.jenkins_vpc",
            "data.aws_availability_zones.available",
            "random_string.suffix"
          ]
        }
      ]
    },
    {
      "mode": "managed",
      "type": "aws_internet_gateway",
      "name": "jenkins_gw",
      "provider": "provider[\"registry.terraform.io/hashicorp/aws\"]",
      "instances": [
        {
          "schema_version": 0,
          "attributes": {
            "arn": "arn:aws:ec2:eu-central-1:864899830569:internet-gateway/igw-0304991c1f5f9e3a5",
            "id": "igw-0304991c1f5f9e3a5",
            "owner_id": "864899830569",
            "tags": {
              "Name": "Jenkins-IGW"
            },
            "tags_all": {
              "Name": "Jenkins-IGW"
            },
            "timeouts": null,
            "vpc_id": "vpc-0bf49f16776cc166c"
          },
          "sensitive_attributes": [],
          "private": "eyJlMmJmYjczMC1lY2FhLTExZTYtOGY4OC0zNDM2M2JjN2M0YzAiOnsiY3JlYXRlIjoxMjAwMDAwMDAwMDAwLCJkZWxldGUiOjEyMDAwMDAwMDAwMDAsInVwZGF0ZSI6MTIwMDAwMDAwMDAwMH19",
          "dependencies": [
            "aws_vpc.jenkins_vpc"
          ]
        }
      ]
    },
    {
      "mode": "managed",
      "type": "aws_route_table",
      "name": "public_rt",
      "provider": "provider[\"registry.terraform.io/hashicorp/aws\"]",
      "instances": [
        {
          "schema_version": 0,
          "attributes": {
            "arn": "arn:aws:ec2:eu-central-1:864899830569:route-table/rtb-05399609ee2b89f17",
            "id": "rtb-05399609ee2b89f17",
            "owner_id": "864899830569",
            "propagating_vgws": [],
            "route": [
              {
                "carrier_gateway_id": "",
                "cidr_block": "0.0.0.0/0",
                "core_network_arn": "",
                "destination_prefix_list_id": "",
                "egress_only_gateway_id": "",
                "gateway_id": "igw-0304991c1f5f9e3a5",
                "ipv6_cidr_block": "",
                "local_gateway_id": "",
                "nat_gateway_id": "",
                "network_interface_id": "",
                "transit_gateway_id": "",
                "vpc_endpoint_id": "",
                "vpc_peering_connection_id": ""
              }
            ],
            "tags": {
              "Name": "Public-Route-Table"
            },
            "tags_all": {
              "Name": "Public-Route-Table"
            },
            "timeouts": null,
            "vpc_id": "vpc-0bf49f16776cc166c"
          },
          "sensitive_attributes": [],
          "private": "eyJlMmJmYjczMC1lY2FhLTExZTYtOGY4OC0zNDM2M2JjN2M0YzAiOnsiY3JlYXRlIjozMDAwMDAwMDAwMDAsImRlbGV0ZSI6MzAwMDAwMDAwMDAwLCJ1cGRhdGUiOjEyMDAwMDAwMDAwMH19",
          "dependencies": [
            "aws_internet_gateway.jenkins_gw",
            "aws_vpc.jenkins_vpc"
          ]
        }
      ]
    },
    {
      "mode": "managed",
      "type": "aws_route_table_association",
      "name": "public_rt_assoc",
      "provider": "provider[\"registry.terraform.io/hashicorp/aws\"]",
      "instances": [
        {
          "index_key": 0,
          "schema_version": 0,
          "attributes": {
            "gateway_id": "",
            "id": "rtbassoc-04b0ac9d30b257506",
            "route_table_id": "rtb-05399609ee2b89f17",
            "subnet_id": "subnet-062af7b8d64d60eac",
            "timeouts": null
          },
          "sensitive_attributes": [],
          "private": "eyJlMmJmYjczMC1lY2FhLTExZTYtOGY4OC0zNDM2M2JjN2M0YzAiOnsiY3JlYXRlIjozMDAwMDAwMDAwMDAsImRlbGV0ZSI6MzAwMDAwMDAwMDAwLCJ1cGRhdGUiOjEyMDAwMDAwMDAwMH19",
          "dependencies": [
            "aws_internet_gateway.jenkins_gw",
            "aws_route_table.public_rt",
            "aws_subnet.public_subnet",
            "aws_vpc.jenkins_vpc",
            "data.aws_availability_zones.available"
          ]
        },
        {
          "index_key": 1,
          "schema_version": 0,
          "attributes": {
            "gateway_id": "",
            "id": "rtbassoc-0e43fac6c2ac1ad6f",
            "route_table_id": "rtb-05399609ee2b89f17",
            "subnet_id": "subnet-0a5d819eb03a6db0d",
            "timeouts": null
          },
          "sensitive_attributes": [],
          "private": "eyJlMmJmYjczMC1lY2FhLTExZTYtOGY4OC0zNDM2M2JjN2M0YzAiOnsiY3JlYXRlIjozMDAwMDAwMDAwMDAsImRlbGV0ZSI6MzAwMDAwMDAwMDAwLCJ1cGRhdGUiOjEyMDAwMDAwMDAwMH19",
          "dependencies": [
            "aws_internet_gateway.jenkins_gw",
            "aws_route_table.public_rt",
            "aws_subnet.public_subnet",
            "aws_vpc.jenkins_vpc",
            "data.aws_availability_zones.available"
          ]
        },
        {
          "index_key": 2,
          "schema_version": 0,
          "attributes": {
            "gateway_id": "",
            "id": "rtbassoc-0ba6638a2c3504652",
            "route_table_id": "rtb-05399609ee2b89f17",
            "subnet_id": "subnet-0c3b5c070b37a60ff",
            "timeouts": null
          },
          "sensitive_attributes": [],
          "private": "eyJlMmJmYjczMC1lY2FhLTExZTYtOGY4OC0zNDM2M2JjN2M0YzAiOnsiY3JlYXRlIjozMDAwMDAwMDAwMDAsImRlbGV0ZSI6MzAwMDAwMDAwMDAwLCJ1cGRhdGUiOjEyMDAwMDAwMDAwMH19",
          "dependencies": [
            "aws_internet_gateway.jenkins_gw",
            "aws_route_table.public_rt",
            "aws_subnet.public_subnet",
            "aws_vpc.jenkins_vpc",
            "data.aws_availability_zones.available"
          ]
        }
      ]
    },
    {
      "mode": "managed",
      "type": "aws_s3_bucket",
      "name": "jenkins_s3_bucket",
      "provider": "provider[\"registry.terraform.io/hashicorp/aws\"]",
      "instances": [
        {
          "schema_version": 0,
          "attributes": {
            "acceleration_status": "",
            "acl": null,
            "arn": "arn:aws:s3:::my-unique-jenkins-s3-bucket-2023",
            "bucket": "my-unique-jenkins-s3-bucket-2023",
            "bucket_domain_name": "my-unique-jenkins-s3-bucket-2023.s3.amazonaws.com",
            "bucket_prefix": "",
            "bucket_regional_domain_name": "my-unique-jenkins-s3-bucket-2023.s3.eu-central-1.amazonaws.com",
            "cors_rule": [],
            "force_destroy": false,
            "grant": [
              {
                "id": "664924834fbbd42802c643515252d756e2d70e39825d61d716fd244710983466",
                "permissions": [
                  "FULL_CONTROL"
                ],
                "type": "CanonicalUser",
                "uri": ""
              }
            ],
            "hosted_zone_id": "Z21DNDUVLTQW6Q",
            "id": "my-unique-jenkins-s3-bucket-2023",
            "lifecycle_rule": [],
            "logging": [],
            "object_lock_configuration": [],
            "object_lock_enabled": false,
            "policy": "",
            "region": "eu-central-1",
            "replication_configuration": [],
            "request_payer": "BucketOwner",
            "server_side_encryption_configuration": [
              {
                "rule": [
                  {
                    "apply_server_side_encryption_by_default": [
                      {
                        "kms_master_key_id": "",
                        "sse_algorithm": "AES256"
                      }
                    ],
                    "bucket_key_enabled": false
                  }
                ]
              }
            ],
            "tags": {
              "Name": "Jenkins-Server"
            },
            "tags_all": {
              "Name": "Jenkins-Server"
            },
            "timeouts": null,
            "versioning": [
              {
                "enabled": false,
                "mfa_delete": false
              }
            ],
            "website": [],
            "website_domain": null,
            "website_endpoint": null
          },
          "sensitive_attributes": [],
          "private": "eyJlMmJmYjczMC1lY2FhLTExZTYtOGY4OC0zNDM2M2JjN2M0YzAiOnsiY3JlYXRlIjoxMjAwMDAwMDAwMDAwLCJkZWxldGUiOjM2MDAwMDAwMDAwMDAsInJlYWQiOjEyMDAwMDAwMDAwMDAsInVwZGF0ZSI6MTIwMDAwMDAwMDAwMH19"
        }
      ]
    },
    {
      "mode": "managed",
      "type": "aws_s3_bucket",
      "name": "liquibase_bucket",
      "provider": "provider[\"registry.terraform.io/hashicorp/aws\"]",
      "instances": [
        {
          "schema_version": 0,
          "attributes": {
            "acceleration_status": "",
            "acl": null,
            "arn": "arn:aws:s3:::my-liquibase-migrations-yczp3qpu",
            "bucket": "my-liquibase-migrations-yczp3qpu",
            "bucket_domain_name": "my-liquibase-migrations-yczp3qpu.s3.amazonaws.com",
            "bucket_prefix": "",
            "bucket_regional_domain_name": "my-liquibase-migrations-yczp3qpu.s3.eu-central-1.amazonaws.com",
            "cors_rule": [],
            "force_destroy": true,
            "grant": [
              {
                "id": "664924834fbbd42802c643515252d756e2d70e39825d61d716fd244710983466",
                "permissions": [
                  "FULL_CONTROL"
                ],
                "type": "CanonicalUser",
                "uri": ""
              }
            ],
            "hosted_zone_id": "Z21DNDUVLTQW6Q",
            "id": "my-liquibase-migrations-yczp3qpu",
            "lifecycle_rule": [],
            "logging": [],
            "object_lock_configuration": [],
            "object_lock_enabled": false,
            "policy": "",
            "region": "eu-central-1",
            "replication_configuration": [],
            "request_payer": "BucketOwner",
            "server_side_encryption_configuration": [
              {
                "rule": [
                  {
                    "apply_server_side_encryption_by_default": [
                      {
                        "kms_master_key_id": "",
                        "sse_algorithm": "AES256"
                      }
                    ],
                    "bucket_key_enabled": false
                  }
                ]
              }
            ],
            "tags": null,
            "tags_all": {},
            "timeouts": null,
            "versioning": [
              {
                "enabled": false,
                "mfa_delete": false
              }
            ],
            "website": [],
            "website_domain": null,
            "website_endpoint": null
          },
          "sensitive_attributes": [],
          "private": "eyJlMmJmYjczMC1lY2FhLTExZTYtOGY4OC0zNDM2M2JjN2M0YzAiOnsiY3JlYXRlIjoxMjAwMDAwMDAwMDAwLCJkZWxldGUiOjM2MDAwMDAwMDAwMDAsInJlYWQiOjEyMDAwMDAwMDAwMDAsInVwZGF0ZSI6MTIwMDAwMDAwMDAwMH19",
          "dependencies": [
            "random_string.suffix"
          ]
        }
      ]
    },
    {
      "mode": "managed",
      "type": "aws_s3_bucket_acl",
      "name": "s3_bucket_acl",
      "provider": "provider[\"registry.terraform.io/hashicorp/aws\"]",
      "instances": [
        {
          "schema_version": 0,
          "attributes": {
            "access_control_policy": [
              {
                "grant": [
                  {
                    "grantee": [
                      {
                        "display_name": "",
                        "email_address": "",
                        "id": "664924834fbbd42802c643515252d756e2d70e39825d61d716fd244710983466",
                        "type": "CanonicalUser",
                        "uri": ""
                      }
                    ],
                    "permission": "FULL_CONTROL"
                  }
                ],
                "owner": [
                  {
                    "display_name": "",
                    "id": "664924834fbbd42802c643515252d756e2d70e39825d61d716fd244710983466"
                  }
                ]
              }
            ],
            "acl": "private",
            "bucket": "my-unique-jenkins-s3-bucket-2023",
            "expected_bucket_owner": "",
            "id": "my-unique-jenkins-s3-bucket-2023,private"
          },
          "sensitive_attributes": [],
          "private": "bnVsbA==",
          "dependencies": [
            "aws_s3_bucket.jenkins_s3_bucket",
            "aws_s3_bucket_ownership_controls.s3_bucket_acl_ownership"
          ]
        }
      ]
    },
    {
      "mode": "managed",
      "type": "aws_s3_bucket_ownership_controls",
      "name": "s3_bucket_acl_ownership",
      "provider": "provider[\"registry.terraform.io/hashicorp/aws\"]",
      "instances": [
        {
          "schema_version": 0,
          "attributes": {
            "bucket": "my-unique-jenkins-s3-bucket-2023",
            "id": "my-unique-jenkins-s3-bucket-2023",
            "rule": [
              {
                "object_ownership": "ObjectWriter"
              }
            ]
          },
          "sensitive_attributes": [],
          "private": "bnVsbA==",
          "dependencies": [
            "aws_s3_bucket.jenkins_s3_bucket"
          ]
        }
      ]
    },
    {
      "mode": "managed",
      "type": "aws_s3_bucket_versioning",
      "name": "versioning",
      "provider": "provider[\"registry.terraform.io/hashicorp/aws\"]",
      "instances": [
        {
          "schema_version": 0,
          "attributes": {
            "bucket": "my-liquibase-migrations-yczp3qpu",
            "expected_bucket_owner": "",
            "id": "my-liquibase-migrations-yczp3qpu",
            "mfa": null,
            "versioning_configuration": [
              {
                "mfa_delete": "",
                "status": "Enabled"
              }
            ]
          },
          "sensitive_attributes": [],
          "private": "bnVsbA==",
          "dependencies": [
            "aws_s3_bucket.liquibase_bucket",
            "random_string.suffix"
          ]
        }
      ]
    },
    {
      "mode": "managed",
      "type": "aws_s3_object",
      "name": "db_files",
      "provider": "provider[\"registry.terraform.io/hashicorp/aws\"]",
      "instances": [
        {
          "index_key": "changelog/db-changelog-master.yaml",
          "schema_version": 0,
          "attributes": {
            "acl": null,
            "arn": "arn:aws:s3:::my-liquibase-migrations-yczp3qpu/db/changelog/db-changelog-master.yaml",
            "bucket": "my-liquibase-migrations-yczp3qpu",
            "bucket_key_enabled": false,
            "cache_control": "",
            "checksum_algorithm": null,
            "checksum_crc32": "",
            "checksum_crc32c": "",
            "checksum_crc64nvme": "",
            "checksum_sha1": "",
            "checksum_sha256": "",
            "content": null,
            "content_base64": null,
            "content_disposition": "",
            "content_encoding": "",
            "content_language": "",
            "content_type": "application/octet-stream",
            "etag": "11206828d535b5410390c61a58188e56",
            "force_destroy": false,
            "id": "db/changelog/db-changelog-master.yaml",
            "key": "db/changelog/db-changelog-master.yaml",
            "kms_key_id": null,
            "metadata": null,
            "object_lock_legal_hold_status": "",
            "object_lock_mode": "",
            "object_lock_retain_until_date": "",
            "override_provider": [],
            "server_side_encryption": "AES256",
            "source": "../db/changelog/db-changelog-master.yaml",
            "source_hash": null,
            "storage_class": "STANDARD",
            "tags": null,
            "tags_all": {},
            "version_id": "FA1vOqhwJn8Jt1oxq3OfnUS6kJ.giuXE",
            "website_redirect": ""
          },
          "sensitive_attributes": [],
          "private": "bnVsbA==",
          "dependencies": [
            "aws_s3_bucket.liquibase_bucket",
            "random_string.suffix"
          ]
        },
        {
          "index_key": "changelog/schema1/table/changelog.yaml",
          "schema_version": 0,
          "attributes": {
            "acl": null,
            "arn": "arn:aws:s3:::my-liquibase-migrations-yczp3qpu/db/changelog/schema1/table/changelog.yaml",
            "bucket": "my-liquibase-migrations-yczp3qpu",
            "bucket_key_enabled": false,
            "cache_control": "",
            "checksum_algorithm": null,
            "checksum_crc32": "",
            "checksum_crc32c": "",
            "checksum_crc64nvme": "",
            "checksum_sha1": "",
            "checksum_sha256": "",
            "content": null,
            "content_base64": null,
            "content_disposition": "",
            "content_encoding": "",
            "content_language": "",
            "content_type": "application/octet-stream",
            "etag": "f03c125ece2f77e3cacffe500414bd47",
            "force_destroy": false,
            "id": "db/changelog/schema1/table/changelog.yaml",
            "key": "db/changelog/schema1/table/changelog.yaml",
            "kms_key_id": null,
            "metadata": null,
            "object_lock_legal_hold_status": "",
            "object_lock_mode": "",
            "object_lock_retain_until_date": "",
            "override_provider": [],
            "server_side_encryption": "AES256",
            "source": "../db/changelog/schema1/table/changelog.yaml",
            "source_hash": null,
            "storage_class": "STANDARD",
            "tags": null,
            "tags_all": {},
            "version_id": "Bg_TwFjA.DGsmUEBRelrRchoQqrYEwj4",
            "website_redirect": ""
          },
          "sensitive_attributes": [],
          "private": "bnVsbA==",
          "dependencies": [
            "aws_s3_bucket.liquibase_bucket",
            "random_string.suffix"
          ]
        }
      ]
    },
    {
      "mode": "managed",
      "type": "aws_s3_object",
      "name": "k8s_manifest",
      "provider": "provider[\"registry.terraform.io/hashicorp/aws\"]",
      "instances": [
        {
          "schema_version": 0,
          "attributes": {
            "acl": null,
            "arn": "arn:aws:s3:::my-liquibase-migrations-yczp3qpu/k8s/deployment.yaml",
            "bucket": "my-liquibase-migrations-yczp3qpu",
            "bucket_key_enabled": false,
            "cache_control": "",
            "checksum_algorithm": null,
            "checksum_crc32": "",
            "checksum_crc32c": "",
            "checksum_crc64nvme": "",
            "checksum_sha1": "",
            "checksum_sha256": "",
            "content": "# deployment.yaml\r\napiVersion: apps/v1\r\nkind: Deployment\r\nmetadata:\r\n  name: binary-tree-deployment\r\n  namespace: default\r\nspec:\r\n  replicas: 2\r\n  selector:\r\n    matchLabels:\r\n      app: binary-tree\r\n  template:\r\n    metadata:\r\n      labels:\r\n        app: binary-tree\r\n    spec:\r\n      containers:\r\n        - name: binary-tree\r\n          image: 864899830569.dkr.ecr.eu-central-1.amazonaws.com/binary-tree:latest\r\n          ports:\r\n            - containerPort: 8080\r\n          resources:\r\n            requests:\r\n              memory: \"256Mi\"\r\n              cpu: \"250m\"\r\n            limits:\r\n              memory: \"512Mi\"\r\n              cpu: \"500m\"\r\n---\r\napiVersion: v1\r\nkind: Service\r\nmetadata:\r\n  name: binary-tree-service\r\n  namespace: default\r\nspec:\r\n  selector:\r\n    app: binary-tree\r\n  ports:\r\n    - protocol: TCP\r\n      port: 80\r\n      targetPort: 8080\r\n  type: LoadBalancer",
            "content_base64": null,
            "content_disposition": "",
            "content_encoding": "",
            "content_language": "",
            "content_type": "application/octet-stream",
            "etag": "076f6a0f6f3e3a1040ad8655804d6243",
            "force_destroy": false,
            "id": "k8s/deployment.yaml",
            "key": "k8s/deployment.yaml",
            "kms_key_id": null,
            "metadata": null,
            "object_lock_legal_hold_status": "",
            "object_lock_mode": "",
            "object_lock_retain_until_date": "",
            "override_provider": [],
            "server_side_encryption": "AES256",
            "source": null,
            "source_hash": null,
            "storage_class": "STANDARD",
            "tags": null,
            "tags_all": {},
            "version_id": "aq27uaZV4K09QvEBrIEVWd5r6yVtcKkk",
            "website_redirect": ""
          },
          "sensitive_attributes": [],
          "private": "bnVsbA==",
          "dependencies": [
            "aws_ecr_repository.binary-tree-ecr",
            "aws_s3_bucket.liquibase_bucket",
            "random_string.suffix"
          ]
        }
      ]
    },
    {
      "mode": "managed",
      "type": "aws_security_group",
      "name": "jenkins_sg",
      "provider": "provider[\"registry.terraform.io/hashicorp/aws\"]",
      "instances": [
        {
          "schema_version": 1,
          "attributes": {
            "arn": "arn:aws:ec2:eu-central-1:864899830569:security-group/sg-058066c21fdf906cd",
            "description": "Managed by Terraform",
            "egress": [
              {
                "cidr_blocks": [
                  "0.0.0.0/0"
                ],
                "description": "",
                "from_port": 0,
                "ipv6_cidr_blocks": [],
                "prefix_list_ids": [],
                "protocol": "-1",
                "security_groups": [],
                "self": false,
                "to_port": 0
              }
            ],
            "id": "sg-058066c21fdf906cd",
            "ingress": [
              {
                "cidr_blocks": [
                  "0.0.0.0/0"
                ],
                "description": "",
                "from_port": 22,
                "ipv6_cidr_blocks": [],
                "prefix_list_ids": [],
                "protocol": "tcp",
                "security_groups": [],
                "self": false,
                "to_port": 22
              },
              {
                "cidr_blocks": [
                  "0.0.0.0/0"
                ],
                "description": "",
                "from_port": 443,
                "ipv6_cidr_blocks": [],
                "prefix_list_ids": [],
                "protocol": "tcp",
                "security_groups": [],
                "self": false,
                "to_port": 443
              },
              {
                "cidr_blocks": [
                  "0.0.0.0/0"
                ],
                "description": "",
                "from_port": 5432,
                "ipv6_cidr_blocks": [],
                "prefix_list_ids": [],
                "protocol": "tcp",
                "security_groups": [],
                "self": false,
                "to_port": 5432
              },
              {
                "cidr_blocks": [
                  "0.0.0.0/0"
                ],
                "description": "",
                "from_port": 8080,
                "ipv6_cidr_blocks": [],
                "prefix_list_ids": [],
                "protocol": "tcp",
                "security_groups": [],
                "self": false,
                "to_port": 8080
              },
              {
                "cidr_blocks": [],
                "description": "",
                "from_port": 1025,
                "ipv6_cidr_blocks": [],
                "prefix_list_ids": [],
                "protocol": "tcp",
                "security_groups": [],
                "self": true,
                "to_port": 65535
              }
            ],
            "name": "jenkins-sg",
            "name_prefix": "",
            "owner_id": "864899830569",
            "revoke_rules_on_delete": false,
            "tags": {
              "Name": "Jenkins-SG"
            },
            "tags_all": {
              "Name": "Jenkins-SG"
            },
            "timeouts": null,
            "vpc_id": "vpc-0bf49f16776cc166c"
          },
          "sensitive_attributes": [],
          "private": "eyJlMmJmYjczMC1lY2FhLTExZTYtOGY4OC0zNDM2M2JjN2M0YzAiOnsiY3JlYXRlIjo2MDAwMDAwMDAwMDAsImRlbGV0ZSI6OTAwMDAwMDAwMDAwfSwic2NoZW1hX3ZlcnNpb24iOiIxIn0=",
          "dependencies": [
            "aws_vpc.jenkins_vpc"
          ]
        }
      ]
    },
    {
      "mode": "managed",
      "type": "aws_subnet",
      "name": "public_subnet",
      "provider": "provider[\"registry.terraform.io/hashicorp/aws\"]",
      "instances": [
        {
          "index_key": 0,
          "schema_version": 1,
          "attributes": {
            "arn": "arn:aws:ec2:eu-central-1:864899830569:subnet/subnet-062af7b8d64d60eac",
            "assign_ipv6_address_on_creation": false,
            "availability_zone": "eu-central-1a",
            "availability_zone_id": "euc1-az2",
            "cidr_block": "10.0.0.0/24",
            "customer_owned_ipv4_pool": "",
            "enable_dns64": false,
            "enable_lni_at_device_index": 0,
            "enable_resource_name_dns_a_record_on_launch": false,
            "enable_resource_name_dns_aaaa_record_on_launch": false,
            "id": "subnet-062af7b8d64d60eac",
            "ipv6_cidr_block": "",
            "ipv6_cidr_block_association_id": "",
            "ipv6_native": false,
            "map_customer_owned_ip_on_launch": false,
            "map_public_ip_on_launch": true,
            "outpost_arn": "",
            "owner_id": "864899830569",
            "private_dns_hostname_type_on_launch": "ip-name",
            "tags": {
              "Name": "public-subnet-0"
            },
            "tags_all": {
              "Name": "public-subnet-0"
            },
            "timeouts": null,
            "vpc_id": "vpc-0bf49f16776cc166c"
          },
          "sensitive_attributes": [],
          "private": "eyJlMmJmYjczMC1lY2FhLTExZTYtOGY4OC0zNDM2M2JjN2M0YzAiOnsiY3JlYXRlIjo2MDAwMDAwMDAwMDAsImRlbGV0ZSI6MTIwMDAwMDAwMDAwMH0sInNjaGVtYV92ZXJzaW9uIjoiMSJ9",
          "dependencies": [
            "aws_vpc.jenkins_vpc",
            "data.aws_availability_zones.available"
          ],
          "create_before_destroy": true
        },
        {
          "index_key": 1,
          "schema_version": 1,
          "attributes": {
            "arn": "arn:aws:ec2:eu-central-1:864899830569:subnet/subnet-0a5d819eb03a6db0d",
            "assign_ipv6_address_on_creation": false,
            "availability_zone": "eu-central-1b",
            "availability_zone_id": "euc1-az3",
            "cidr_block": "10.0.1.0/24",
            "customer_owned_ipv4_pool": "",
            "enable_dns64": false,
            "enable_lni_at_device_index": 0,
            "enable_resource_name_dns_a_record_on_launch": false,
            "enable_resource_name_dns_aaaa_record_on_launch": false,
            "id": "subnet-0a5d819eb03a6db0d",
            "ipv6_cidr_block": "",
            "ipv6_cidr_block_association_id": "",
            "ipv6_native": false,
            "map_customer_owned_ip_on_launch": false,
            "map_public_ip_on_launch": true,
            "outpost_arn": "",
            "owner_id": "864899830569",
            "private_dns_hostname_type_on_launch": "ip-name",
            "tags": {
              "Name": "public-subnet-1"
            },
            "tags_all": {
              "Name": "public-subnet-1"
            },
            "timeouts": null,
            "vpc_id": "vpc-0bf49f16776cc166c"
          },
          "sensitive_attributes": [],
          "private": "eyJlMmJmYjczMC1lY2FhLTExZTYtOGY4OC0zNDM2M2JjN2M0YzAiOnsiY3JlYXRlIjo2MDAwMDAwMDAwMDAsImRlbGV0ZSI6MTIwMDAwMDAwMDAwMH0sInNjaGVtYV92ZXJzaW9uIjoiMSJ9",
          "dependencies": [
            "aws_vpc.jenkins_vpc",
            "data.aws_availability_zones.available"
          ],
          "create_before_destroy": true
        },
        {
          "index_key": 2,
          "schema_version": 1,
          "attributes": {
            "arn": "arn:aws:ec2:eu-central-1:864899830569:subnet/subnet-0c3b5c070b37a60ff",
            "assign_ipv6_address_on_creation": false,
            "availability_zone": "eu-central-1c",
            "availability_zone_id": "euc1-az1",
            "cidr_block": "10.0.2.0/24",
            "customer_owned_ipv4_pool": "",
            "enable_dns64": false,
            "enable_lni_at_device_index": 0,
            "enable_resource_name_dns_a_record_on_launch": false,
            "enable_resource_name_dns_aaaa_record_on_launch": false,
            "id": "subnet-0c3b5c070b37a60ff",
            "ipv6_cidr_block": "",
            "ipv6_cidr_block_association_id": "",
            "ipv6_native": false,
            "map_customer_owned_ip_on_launch": false,
            "map_public_ip_on_launch": true,
            "outpost_arn": "",
            "owner_id": "864899830569",
            "private_dns_hostname_type_on_launch": "ip-name",
            "tags": {
              "Name": "public-subnet-2"
            },
            "tags_all": {
              "Name": "public-subnet-2"
            },
            "timeouts": null,
            "vpc_id": "vpc-0bf49f16776cc166c"
          },
          "sensitive_attributes": [],
          "private": "eyJlMmJmYjczMC1lY2FhLTExZTYtOGY4OC0zNDM2M2JjN2M0YzAiOnsiY3JlYXRlIjo2MDAwMDAwMDAwMDAsImRlbGV0ZSI6MTIwMDAwMDAwMDAwMH0sInNjaGVtYV92ZXJzaW9uIjoiMSJ9",
          "dependencies": [
            "aws_vpc.jenkins_vpc",
            "data.aws_availability_zones.available"
          ],
          "create_before_destroy": true
        }
      ]
    },
    {
      "mode": "managed",
      "type": "aws_vpc",
      "name": "jenkins_vpc",
      "provider": "provider[\"registry.terraform.io/hashicorp/aws\"]",
      "instances": [
        {
          "schema_version": 1,
          "attributes": {
            "arn": "arn:aws:ec2:eu-central-1:864899830569:vpc/vpc-0bf49f16776cc166c",
            "assign_generated_ipv6_cidr_block": false,
            "cidr_block": "10.0.0.0/16",
            "default_network_acl_id": "acl-00ab330f75c1f9b8c",
            "default_route_table_id": "rtb-0f1b33a414177ef2d",
            "default_security_group_id": "sg-0e7c8476a68b457c3",
            "dhcp_options_id": "dopt-070eb34be560e5897",
            "enable_dns_hostnames": true,
            "enable_dns_support": true,
            "enable_network_address_usage_metrics": false,
            "id": "vpc-0bf49f16776cc166c",
            "instance_tenancy": "default",
            "ipv4_ipam_pool_id": null,
            "ipv4_netmask_length": null,
            "ipv6_association_id": "",
            "ipv6_cidr_block": "",
            "ipv6_cidr_block_network_border_group": "",
            "ipv6_ipam_pool_id": "",
            "ipv6_netmask_length": 0,
            "main_route_table_id": "rtb-0f1b33a414177ef2d",
            "owner_id": "864899830569",
            "tags": {
              "Name": "Jenkins-VPC"
            },
            "tags_all": {
              "Name": "Jenkins-VPC"
            }
          },
          "sensitive_attributes": [],
          "private": "eyJzY2hlbWFfdmVyc2lvbiI6IjEifQ==",
          "create_before_destroy": true
        }
      ]
    },
    {
      "mode": "managed",
      "type": "random_string",
      "name": "suffix",
      "provider": "provider[\"registry.terraform.io/hashicorp/random\"]",
      "instances": [
        {
          "schema_version": 2,
          "attributes": {
            "id": "yczp3qpu",
            "keepers": null,
            "length": 8,
            "lower": true,
            "min_lower": 0,
            "min_numeric": 0,
            "min_special": 0,
            "min_upper": 0,
            "number": true,
            "numeric": true,
            "override_special": null,
            "result": "yczp3qpu",
            "special": false,
            "upper": false
          },
          "sensitive_attributes": []
        }
      ]
    },
    {
      "module": "module.eks",
      "mode": "data",
      "type": "aws_caller_identity",
      "name": "current",
      "provider": "provider[\"registry.terraform.io/hashicorp/aws\"]",
      "instances": [
        {
          "index_key": 0,
          "schema_version": 0,
          "attributes": {
            "account_id": "864899830569",
            "arn": "arn:aws:iam::864899830569:user/orion_pc",
            "id": "864899830569",
            "user_id": "AIDA4SYAMCMUTMQSRH7MY"
          },
          "sensitive_attributes": []
        }
      ]
    },
    {
      "module": "module.eks",
      "mode": "data",
      "type": "aws_iam_policy_document",
      "name": "assume_role_policy",
      "provider": "provider[\"registry.terraform.io/hashicorp/aws\"]",
      "instances": [
        {
          "index_key": 0,
          "schema_version": 0,
          "attributes": {
            "id": "2830595799",
            "json": "{\n  \"Version\": \"2012-10-17\",\n  \"Statement\": [\n    {\n      \"Sid\": \"EKSClusterAssumeRole\",\n      \"Effect\": \"Allow\",\n      \"Action\": [\n        \"sts:TagSession\",\n        \"sts:AssumeRole\"\n      ],\n      \"Principal\": {\n        \"Service\": \"eks.amazonaws.com\"\n      }\n    }\n  ]\n}",
            "minified_json": "{\"Version\":\"2012-10-17\",\"Statement\":[{\"Sid\":\"EKSClusterAssumeRole\",\"Effect\":\"Allow\",\"Action\":[\"sts:TagSession\",\"sts:AssumeRole\"],\"Principal\":{\"Service\":\"eks.amazonaws.com\"}}]}",
            "override_json": null,
            "override_policy_documents": null,
            "policy_id": null,
            "source_json": null,
            "source_policy_documents": null,
            "statement": [
              {
                "actions": [
                  "sts:AssumeRole",
                  "sts:TagSession"
                ],
                "condition": [],
                "effect": "Allow",
                "not_actions": [],
                "not_principals": [],
                "not_resources": [],
                "principals": [
                  {
                    "identifiers": [
                      "eks.amazonaws.com"
                    ],
                    "type": "Service"
                  }
                ],
                "resources": [],
                "sid": "EKSClusterAssumeRole"
              }
            ],
            "version": "2012-10-17"
          },
          "sensitive_attributes": []
        }
      ]
    },
    {
      "module": "module.eks",
      "mode": "data",
      "type": "aws_iam_policy_document",
      "name": "custom",
      "provider": "provider[\"registry.terraform.io/hashicorp/aws\"]",
      "instances": [
        {
          "index_key": 0,
          "schema_version": 0,
          "attributes": {
            "id": "513122117",
            "json": "{\n  \"Version\": \"2012-10-17\",\n  \"Statement\": [\n    {\n      \"Sid\": \"Compute\",\n      \"Effect\": \"Allow\",\n      \"Action\": [\n        \"ec2:RunInstances\",\n        \"ec2:CreateLaunchTemplate\",\n        \"ec2:CreateFleet\"\n      ],\n      \"Resource\": \"*\",\n      \"Condition\": {\n        \"StringEquals\": {\n          \"aws:RequestTag/eks:eks-cluster-name\": \"${aws:PrincipalTag/eks:eks-cluster-name}\"\n        },\n        \"StringLike\": {\n          \"aws:RequestTag/eks:kubernetes-node-class-name\": \"*\",\n          \"aws:RequestTag/eks:kubernetes-node-pool-name\": \"*\"\n        }\n      }\n    },\n    {\n      \"Sid\": \"Storage\",\n      \"Effect\": \"Allow\",\n      \"Action\": [\n        \"ec2:CreateVolume\",\n        \"ec2:CreateSnapshot\"\n      ],\n      \"Resource\": [\n        \"arn:aws:ec2:*:*:volume/*\",\n        \"arn:aws:ec2:*:*:snapshot/*\"\n      ],\n      \"Condition\": {\n        \"StringEquals\": {\n          \"aws:RequestTag/eks:eks-cluster-name\": \"${aws:PrincipalTag/eks:eks-cluster-name}\"\n        }\n      }\n    },\n    {\n      \"Sid\": \"Networking\",\n      \"Effect\": \"Allow\",\n      \"Action\": \"ec2:CreateNetworkInterface\",\n      \"Resource\": \"*\",\n      \"Condition\": {\n        \"StringEquals\": {\n          \"aws:RequestTag/eks:eks-cluster-name\": \"${aws:PrincipalTag/eks:eks-cluster-name}\",\n          \"aws:RequestTag/eks:kubernetes-cni-node-name\": \"*\"\n        }\n      }\n    },\n    {\n      \"Sid\": \"LoadBalancer\",\n      \"Effect\": \"Allow\",\n      \"Action\": [\n        \"elasticloadbalancing:CreateTargetGroup\",\n        \"elasticloadbalancing:CreateRule\",\n        \"elasticloadbalancing:CreateLoadBalancer\",\n        \"elasticloadbalancing:CreateListener\",\n        \"ec2:CreateSecurityGroup\"\n      ],\n      \"Resource\": \"*\",\n      \"Condition\": {\n        \"StringEquals\": {\n          \"aws:RequestTag/eks:eks-cluster-name\": \"${aws:PrincipalTag/eks:eks-cluster-name}\"\n        }\n      }\n    },\n    {\n      \"Sid\": \"ShieldProtection\",\n      \"Effect\": \"Allow\",\n      \"Action\": \"shield:CreateProtection\",\n      \"Resource\": \"*\",\n      \"Condition\": {\n        \"StringEquals\": {\n          \"aws:RequestTag/eks:eks-cluster-name\": \"${aws:PrincipalTag/eks:eks-cluster-name}\"\n        }\n      }\n    },\n    {\n      \"Sid\": \"ShieldTagResource\",\n      \"Effect\": \"Allow\",\n      \"Action\": \"shield:TagResource\",\n      \"Resource\": \"arn:aws:shield::*:protection/*\",\n      \"Condition\": {\n        \"StringEquals\": {\n          \"aws:RequestTag/eks:eks-cluster-name\": \"${aws:PrincipalTag/eks:eks-cluster-name}\"\n        }\n      }\n    }\n  ]\n}",
            "minified_json": "{\"Version\":\"2012-10-17\",\"Statement\":[{\"Sid\":\"Compute\",\"Effect\":\"Allow\",\"Action\":[\"ec2:RunInstances\",\"ec2:CreateLaunchTemplate\",\"ec2:CreateFleet\"],\"Resource\":\"*\",\"Condition\":{\"StringEquals\":{\"aws:RequestTag/eks:eks-cluster-name\":\"${aws:PrincipalTag/eks:eks-cluster-name}\"},\"StringLike\":{\"aws:RequestTag/eks:kubernetes-node-class-name\":\"*\",\"aws:RequestTag/eks:kubernetes-node-pool-name\":\"*\"}}},{\"Sid\":\"Storage\",\"Effect\":\"Allow\",\"Action\":[\"ec2:CreateVolume\",\"ec2:CreateSnapshot\"],\"Resource\":[\"arn:aws:ec2:*:*:volume/*\",\"arn:aws:ec2:*:*:snapshot/*\"],\"Condition\":{\"StringEquals\":{\"aws:RequestTag/eks:eks-cluster-name\":\"${aws:PrincipalTag/eks:eks-cluster-name}\"}}},{\"Sid\":\"Networking\",\"Effect\":\"Allow\",\"Action\":\"ec2:CreateNetworkInterface\",\"Resource\":\"*\",\"Condition\":{\"StringEquals\":{\"aws:RequestTag/eks:eks-cluster-name\":\"${aws:PrincipalTag/eks:eks-cluster-name}\",\"aws:RequestTag/eks:kubernetes-cni-node-name\":\"*\"}}},{\"Sid\":\"LoadBalancer\",\"Effect\":\"Allow\",\"Action\":[\"elasticloadbalancing:CreateTargetGroup\",\"elasticloadbalancing:CreateRule\",\"elasticloadbalancing:CreateLoadBalancer\",\"elasticloadbalancing:CreateListener\",\"ec2:CreateSecurityGroup\"],\"Resource\":\"*\",\"Condition\":{\"StringEquals\":{\"aws:RequestTag/eks:eks-cluster-name\":\"${aws:PrincipalTag/eks:eks-cluster-name}\"}}},{\"Sid\":\"ShieldProtection\",\"Effect\":\"Allow\",\"Action\":\"shield:CreateProtection\",\"Resource\":\"*\",\"Condition\":{\"StringEquals\":{\"aws:RequestTag/eks:eks-cluster-name\":\"${aws:PrincipalTag/eks:eks-cluster-name}\"}}},{\"Sid\":\"ShieldTagResource\",\"Effect\":\"Allow\",\"Action\":\"shield:TagResource\",\"Resource\":\"arn:aws:shield::*:protection/*\",\"Condition\":{\"StringEquals\":{\"aws:RequestTag/eks:eks-cluster-name\":\"${aws:PrincipalTag/eks:eks-cluster-name}\"}}}]}",
            "override_json": null,
            "override_policy_documents": null,
            "policy_id": null,
            "source_json": null,
            "source_policy_documents": null,
            "statement": [
              {
                "actions": [
                  "ec2:CreateFleet",
                  "ec2:CreateLaunchTemplate",
                  "ec2:RunInstances"
                ],
                "condition": [
                  {
                    "test": "StringEquals",
                    "values": [
                      "${aws:PrincipalTag/eks:eks-cluster-name}"
                    ],
                    "variable": "aws:RequestTag/eks:eks-cluster-name"
                  },
                  {
                    "test": "StringLike",
                    "values": [
                      "*"
                    ],
                    "variable": "aws:RequestTag/eks:kubernetes-node-class-name"
                  },
                  {
                    "test": "StringLike",
                    "values": [
                      "*"
                    ],
                    "variable": "aws:RequestTag/eks:kubernetes-node-pool-name"
                  }
                ],
                "effect": "Allow",
                "not_actions": [],
                "not_principals": [],
                "not_resources": [],
                "principals": [],
                "resources": [
                  "*"
                ],
                "sid": "Compute"
              },
              {
                "actions": [
                  "ec2:CreateSnapshot",
                  "ec2:CreateVolume"
                ],
                "condition": [
                  {
                    "test": "StringEquals",
                    "values": [
                      "${aws:PrincipalTag/eks:eks-cluster-name}"
                    ],
                    "variable": "aws:RequestTag/eks:eks-cluster-name"
                  }
                ],
                "effect": "Allow",
                "not_actions": [],
                "not_principals": [],
                "not_resources": [],
                "principals": [],
                "resources": [
                  "arn:aws:ec2:*:*:snapshot/*",
                  "arn:aws:ec2:*:*:volume/*"
                ],
                "sid": "Storage"
              },
              {
                "actions": [
                  "ec2:CreateNetworkInterface"
                ],
                "condition": [
                  {
                    "test": "StringEquals",
                    "values": [
                      "${aws:PrincipalTag/eks:eks-cluster-name}"
                    ],
                    "variable": "aws:RequestTag/eks:eks-cluster-name"
                  },
                  {
                    "test": "StringEquals",
                    "values": [
                      "*"
                    ],
                    "variable": "aws:RequestTag/eks:kubernetes-cni-node-name"
                  }
                ],
                "effect": "Allow",
                "not_actions": [],
                "not_principals": [],
                "not_resources": [],
                "principals": [],
                "resources": [
                  "*"
                ],
                "sid": "Networking"
              },
              {
                "actions": [
                  "ec2:CreateSecurityGroup",
                  "elasticloadbalancing:CreateListener",
                  "elasticloadbalancing:CreateLoadBalancer",
                  "elasticloadbalancing:CreateRule",
                  "elasticloadbalancing:CreateTargetGroup"
                ],
                "condition": [
                  {
                    "test": "StringEquals",
                    "values": [
                      "${aws:PrincipalTag/eks:eks-cluster-name}"
                    ],
                    "variable": "aws:RequestTag/eks:eks-cluster-name"
                  }
                ],
                "effect": "Allow",
                "not_actions": [],
                "not_principals": [],
                "not_resources": [],
                "principals": [],
                "resources": [
                  "*"
                ],
                "sid": "LoadBalancer"
              },
              {
                "actions": [
                  "shield:CreateProtection"
                ],
                "condition": [
                  {
                    "test": "StringEquals",
                    "values": [
                      "${aws:PrincipalTag/eks:eks-cluster-name}"
                    ],
                    "variable": "aws:RequestTag/eks:eks-cluster-name"
                  }
                ],
                "effect": "Allow",
                "not_actions": [],
                "not_principals": [],
                "not_resources": [],
                "principals": [],
                "resources": [
                  "*"
                ],
                "sid": "ShieldProtection"
              },
              {
                "actions": [
                  "shield:TagResource"
                ],
                "condition": [
                  {
                    "test": "StringEquals",
                    "values": [
                      "${aws:PrincipalTag/eks:eks-cluster-name}"
                    ],
                    "variable": "aws:RequestTag/eks:eks-cluster-name"
                  }
                ],
                "effect": "Allow",
                "not_actions": [],
                "not_principals": [],
                "not_resources": [],
                "principals": [],
                "resources": [
                  "arn:aws:shield::*:protection/*"
                ],
                "sid": "ShieldTagResource"
              }
            ],
            "version": "2012-10-17"
          },
          "sensitive_attributes": []
        }
      ]
    },
    {
      "module": "module.eks",
      "mode": "data",
      "type": "aws_iam_session_context",
      "name": "current",
      "provider": "provider[\"registry.terraform.io/hashicorp/aws\"]",
      "instances": [
        {
          "index_key": 0,
          "schema_version": 0,
          "attributes": {
            "arn": "arn:aws:iam::864899830569:user/orion_pc",
            "id": "arn:aws:iam::864899830569:user/orion_pc",
            "issuer_arn": "arn:aws:iam::864899830569:user/orion_pc",
            "issuer_id": "",
            "issuer_name": "",
            "session_name": ""
          },
          "sensitive_attributes": []
        }
      ]
    },
    {
      "module": "module.eks",
      "mode": "data",
      "type": "aws_partition",
      "name": "current",
      "provider": "provider[\"registry.terraform.io/hashicorp/aws\"]",
      "instances": [
        {
          "index_key": 0,
          "schema_version": 0,
          "attributes": {
            "dns_suffix": "amazonaws.com",
            "id": "aws",
            "partition": "aws",
            "reverse_dns_prefix": "com.amazonaws"
          },
          "sensitive_attributes": []
        }
      ]
    },
    {
      "module": "module.eks",
      "mode": "data",
      "type": "tls_certificate",
      "name": "this",
      "provider": "provider[\"registry.terraform.io/hashicorp/tls\"]",
      "instances": [
        {
          "index_key": 0,
          "schema_version": 0,
          "attributes": {
            "certificates": [
              {
                "cert_pem": "-----BEGIN CERTIFICATE-----\nMIIEkjCCA3qgAwIBAgITBn+USionzfP6wq4rAfkI7rnExjANBgkqhkiG9w0BAQsF\nADCBmDELMAkGA1UEBhMCVVMxEDAOBgNVBAgTB0FyaXpvbmExEzARBgNVBAcTClNj\nb3R0c2RhbGUxJTAjBgNVBAoTHFN0YXJmaWVsZCBUZWNobm9sb2dpZXMsIEluYy4x\nOzA5BgNVBAMTMlN0YXJmaWVsZCBTZXJ2aWNlcyBSb290IENlcnRpZmljYXRlIEF1\ndGhvcml0eSAtIEcyMB4XDTE1MDUyNTEyMDAwMFoXDTM3MTIzMTAxMDAwMFowOTEL\nMAkGA1UEBhMCVVMxDzANBgNVBAoTBkFtYXpvbjEZMBcGA1UEAxMQQW1hem9uIFJv\nb3QgQ0EgMTCCASIwDQYJKoZIhvcNAQEBBQADggEPADCCAQoCggEBALJ4gHHKeNXj\nca9HgFB0fW7Y14h29Jlo91ghYPl0hAEvrAIthtOgQ3pOsqTQNroBvo3bSMgHFzZM\n9O6II8c+6zf1tRn4SWiw3te5djgdYZ6k/oI2peVKVuRF4fn9tBb6dNqcmzU5L/qw\nIFAGbHrQgLKm+a/sRxmPUDgH3KKHOVj4utWp+UhnMJbulHheb4mjUcAwhmahRWa6\nVOujw5H5SNz/0egwLX0tdHA114gk957EWW67c4cX8jJGKLhD+rcdqsq08p8kDi1L\n93FcXmn/6pUCyziKrlA4b9v7LWIbxcceVOF34GfID5yHI9Y/QCB/IIDEgEw+OyQm\njgSubJrIqg0CAwEAAaOCATEwggEtMA8GA1UdEwEB/wQFMAMBAf8wDgYDVR0PAQH/\nBAQDAgGGMB0GA1UdDgQWBBSEGMyFNOy8DJSULghZnMeyEE4KCDAfBgNVHSMEGDAW\ngBScXwDfqgHXMCs4iKK4bUqc8hGRgzB4BggrBgEFBQcBAQRsMGowLgYIKwYBBQUH\nMAGGImh0dHA6Ly9vY3NwLnJvb3RnMi5hbWF6b250cnVzdC5jb20wOAYIKwYBBQUH\nMAKGLGh0dHA6Ly9jcnQucm9vdGcyLmFtYXpvbnRydXN0LmNvbS9yb290ZzIuY2Vy\nMD0GA1UdHwQ2MDQwMqAwoC6GLGh0dHA6Ly9jcmwucm9vdGcyLmFtYXpvbnRydXN0\nLmNvbS9yb290ZzIuY3JsMBEGA1UdIAQKMAgwBgYEVR0gADANBgkqhkiG9w0BAQsF\nAAOCAQEAYjdCXLwQtT6LLOkMm2xF4gcAevnFWAu5CIw+7bMlPLVvUOTNNWqnkzSW\nMiGpSESrnO09tKpzbeR/FoCJbM8oAxiDR3mjEH4wW6w7sGDgd9QIpuEdfF7Au/ma\neyKdpwAJfqxGF4PcnCZXmTA5YpaP7dreqsXMGz7KQ2hsVxa81Q4gLv7/wmpdLqBK\nbRRYh5TmOTFffHPLkIhqhBGWJ6bt2YFGpn6jcgAKUj6DiAdjd4lpFw85hdKrCEVN\n0FE6/V1dN2RMfjCyVSRCnTawXZwXgWHxyvkQAiSr6w10kY17RSlQOYiypok1JR4U\nakcjMS9cmvqtmg5iUaQqqcT5NJ0hGA==\n-----END CERTIFICATE-----\n",
                "is_ca": true,
                "issuer": "CN=Starfield Services Root Certificate Authority - G2,O=Starfield Technologies\\, Inc.,L=Scottsdale,ST=Arizona,C=US",
                "not_after": "2037-12-31T01:00:00Z",
                "not_before": "2015-05-25T12:00:00Z",
                "public_key_algorithm": "RSA",
                "serial_number": "144918191876577076464031512351042010504348870",
                "sha1_fingerprint": "06b25927c42a721631c1efd9431e648fa62e1e39",
                "signature_algorithm": "SHA256-RSA",
                "subject": "CN=Amazon Root CA 1,O=Amazon,C=US",
                "version": 3
              },
              {
                "cert_pem": "-----BEGIN CERTIFICATE-----\nMIIEXjCCA0agAwIBAgITB3MSTNQG0mfAmRzdKZqfODF5hTANBgkqhkiG9w0BAQsF\nADA5MQswCQYDVQQGEwJVUzEPMA0GA1UEChMGQW1hem9uMRkwFwYDVQQDExBBbWF6\nb24gUm9vdCBDQSAxMB4XDTIyMDgyMzIyMjYwNFoXDTMwMDgyMzIyMjYwNFowPDEL\nMAkGA1UEBhMCVVMxDzANBgNVBAoTBkFtYXpvbjEcMBoGA1UEAxMTQW1hem9uIFJT\nQSAyMDQ4IE0wMzCCASIwDQYJKoZIhvcNAQEBBQADggEPADCCAQoCggEBALd/pVko\n8vuM475Tf45HV3BbCl/B9Jy89G1CRkFjcPY06WA9lS+7dWbUA7GtWUKoksr69hKM\nwcMsNpxlw7b3jeXFgxB09/nmalcAWtnLzF+LaDKEA5DQmvKzuh1nfIfqEiKCQSmX\nXh09Xs+dO7cm5qbaL2hhNJCSAejciwcvOFgFNgEMR42wm6KIFHsQW28jhA+1u/M0\np6fVwReuEgZfLfdx82Px0LJck3lST3EB/JfbdsdOzzzg5YkY1dfuqf8y5fUeZ7Cz\nWXbTjujwX/TovmeWKA36VLCz75azW6tDNuDn66FOpADZZ9omVaF6BqNJiLMVl6P3\n/c0OiUMC6Z5OfKcCAwEAAaOCAVowggFWMBIGA1UdEwEB/wQIMAYBAf8CAQAwDgYD\nVR0PAQH/BAQDAgGGMB0GA1UdJQQWMBQGCCsGAQUFBwMBBggrBgEFBQcDAjAdBgNV\nHQ4EFgQUVdkYX9IczAHhWLS+q9lVQgHXLgIwHwYDVR0jBBgwFoAUhBjMhTTsvAyU\nlC4IWZzHshBOCggwewYIKwYBBQUHAQEEbzBtMC8GCCsGAQUFBzABhiNodHRwOi8v\nb2NzcC5yb290Y2ExLmFtYXpvbnRydXN0LmNvbTA6BggrBgEFBQcwAoYuaHR0cDov\nL2NydC5yb290Y2ExLmFtYXpvbnRydXN0LmNvbS9yb290Y2ExLmNlcjA/BgNVHR8E\nODA2MDSgMqAwhi5odHRwOi8vY3JsLnJvb3RjYTEuYW1hem9udHJ1c3QuY29tL3Jv\nb3RjYTEuY3JsMBMGA1UdIAQMMAowCAYGZ4EMAQIBMA0GCSqGSIb3DQEBCwUAA4IB\nAQAGjeWm2cC+3z2MzSCnte46/7JZvj3iQZDY7EvODNdZF41n71Lrk9kbfNwerK0d\nVNzW36Wefr7j7ZSwBVg50W5ay65jNSN74TTQV1yt4WnSbVvN6KlMs1hiyOZdoHKs\nKDV2UGNxbdoBYCQNa2GYF8FQIWLugNp35aSOpMy6cFlymFQomIrnOQHwK1nvVY4q\nxDSJMU/gNJz17D8ArPN3ngnyZ2TwepJ0uBINz3G5te2rdFUF4i4Y3Bb7FUlHDYm4\nu8aIRGpk2ZpfXmxaoxnbIBZRvGLPSUuPwnwoUOMsJ8jirI5vs2dvchPb7MtI1rle\ni02f2ivH2vxkjDLltSpe2fiC\n-----END CERTIFICATE-----\n",
                "is_ca": true,
                "issuer": "CN=Amazon Root CA 1,O=Amazon,C=US",
                "not_after": "2030-08-23T22:26:04Z",
                "not_before": "2022-08-23T22:26:04Z",
                "public_key_algorithm": "RSA",
                "serial_number": "166129356476704345391986644047206454194698629",
                "sha1_fingerprint": "d9fe0a65fa00cabf61f5120d373a8135e1461f15",
                "signature_algorithm": "SHA256-RSA",
                "subject": "CN=Amazon RSA 2048 M03,O=Amazon,C=US",
                "version": 3
              },
              {
                "cert_pem": "-----BEGIN CERTIFICATE-----\nMIIF6zCCBNOgAwIBAgIQC4hEi7pJ3+PGBwfnYdVdtjANBgkqhkiG9w0BAQsFADA8\nMQswCQYDVQQGEwJVUzEPMA0GA1UEChMGQW1hem9uMRwwGgYDVQQDExNBbWF6b24g\nUlNBIDIwNDggTTAzMB4XDTI1MDIyNjAwMDAwMFoXDTI2MDMyODIzNTk1OVowKzEp\nMCcGA1UEAwwgKi5la3MuZXUtY2VudHJhbC0xLmFtYXpvbmF3cy5jb20wggEiMA0G\nCSqGSIb3DQEBAQUAA4IBDwAwggEKAoIBAQC8puZUGMtG9NupSlPRt3lJH/6LUZkA\nna0255m0jGkEEEasY5c3Y9y/5wn11wU1h9QNNOC9KoOhHRsIr4ElOp5fQl1aEZmx\nd29ecm27kLwomsvBvYiNBT1fPVvcLJ63h0jYpe2id0XBlBKPmgA2gmFrmejgwhvn\n5P+jETAB4Matc9OreyTIi1Ka/B79rw5Xl+ktuPfjGkf5rIrAEij58j8Th3hxC1JC\np4ItbIUXB4D9+xu/WGkkBf09oMW2Gtn1BA3K6gPBD+4x7kYkSCIaHPYNybXu2VaD\nVzAIMNLQDqV6ZstzwT5EosGka1MlUDqglgauT7uO7J471DLBCU37Oy1zAgMBAAGj\nggL4MIIC9DAfBgNVHSMEGDAWgBRV2Rhf0hzMAeFYtL6r2VVCAdcuAjAdBgNVHQ4E\nFgQU3e7kV+q/ZIOdeba4p0AY4fLWbDEwKwYDVR0RBCQwIoIgKi5la3MuZXUtY2Vu\ndHJhbC0xLmFtYXpvbmF3cy5jb20wEwYDVR0gBAwwCjAIBgZngQwBAgEwDgYDVR0P\nAQH/BAQDAgWgMB0GA1UdJQQWMBQGCCsGAQUFBwMBBggrBgEFBQcDAjA7BgNVHR8E\nNDAyMDCgLqAshipodHRwOi8vY3JsLnIybTAzLmFtYXpvbnRydXN0LmNvbS9yMm0w\nMy5jcmwwdQYIKwYBBQUHAQEEaTBnMC0GCCsGAQUFBzABhiFodHRwOi8vb2NzcC5y\nMm0wMy5hbWF6b250cnVzdC5jb20wNgYIKwYBBQUHMAKGKmh0dHA6Ly9jcnQucjJt\nMDMuYW1hem9udHJ1c3QuY29tL3IybTAzLmNlcjAMBgNVHRMBAf8EAjAAMIIBfQYK\nKwYBBAHWeQIEAgSCAW0EggFpAWcAdgCWl2S/VViXrfdDh2g3CEJ36fA61fak8zZu\nRqQ/D8qpxgAAAZU/pyUOAAAEAwBHMEUCIQCNGYIB9FphlXfLsCVhQa/nNyVA/OdF\nRAGBY1lYwOesgQIgSxIRDYVexFOcPgi5z+hd4vJ0msxgtzn1r8r0GuIgb+UAdgBk\nEcRspBLsp4kcogIuALyrTygH1B41J6vq/tUDyX3N8AAAAZU/pyUSAAAEAwBHMEUC\nICjGzP3jERdiAZx7Y/+lBeGcMETjSt4wPuxC+VwI7b0lAiEAqM0tpbUmGJ9na6SZ\nWOyoCOPCI+kdhNnAw/Q/Sz5tMs4AdQBJnJtp3h187Pw23s2HZKa4W68Kh4AZ0VVS\n++nrKd34wwAAAZU/pyUoAAAEAwBGMEQCIHxndNIoIP6XqwGW2Rbxv/u6Yf92X/Ri\nDTsMsAB0en88AiB0S+seC5AF4ZbNRgblgu6rqYc1oPH8VDEgP4ji6M4NFzANBgkq\nhkiG9w0BAQsFAAOCAQEAVIDr+wgnND9P7BO6f8X6bcNZ6GoCp+Rsj47shArfCRgF\np50/8kK5KeMVnXKeEy0LJ/9D3/oHWV2TGLa9lsoCwG06hwUpXXtG3lW1HEGUOgiM\nCCsPxK8/MX8fseEfBwu+Yy/2JYRYwrybKe/aTs1DSs60tOQO5qQj1nvT1f2sMnSC\nAwIYWSGmkCzftcwPDcdVcGU3wS6tDBLVQIZwUPbfA52m7WullmKGbrDjGn5Cy7iW\nelyfkmEJcEAYW4ctx/jrV49P7tq+14HAVZqbnrd0s0wUKnq0kKMztNN96Ce9TNS2\nEKPavd8oe0ZM/cBQR1tVjNi5R1af9reYYUHKYSv01g==\n-----END CERTIFICATE-----\n",
                "is_ca": false,
                "issuer": "CN=Amazon RSA 2048 M03,O=Amazon,C=US",
                "not_after": "2026-03-28T23:59:59Z",
                "not_before": "2025-02-26T00:00:00Z",
                "public_key_algorithm": "RSA",
                "serial_number": "15329050600615969656761797089774886326",
                "sha1_fingerprint": "c3c07e30211ff224dc6db2086d7bbaa42929a81e",
                "signature_algorithm": "SHA256-RSA",
                "subject": "CN=*.eks.eu-central-1.amazonaws.com",
                "version": 3
              }
            ],
            "content": null,
            "id": "efc5619605e4300447be4c860675ff76c35033c7",
            "url": "https://oidc.eks.eu-central-1.amazonaws.com/id/07303EFCBEDC2A468F8CFC1AD198DB96",
            "verify_chain": true
          },
          "sensitive_attributes": []
        }
      ]
    },
    {
      "module": "module.eks",
      "mode": "managed",
      "type": "aws_cloudwatch_log_group",
      "name": "this",
      "provider": "provider[\"registry.terraform.io/hashicorp/aws\"]",
      "instances": [
        {
          "index_key": 0,
          "schema_version": 0,
          "attributes": {
            "arn": "arn:aws:logs:eu-central-1:864899830569:log-group:/aws/eks/binary-tree/cluster",
            "id": "/aws/eks/binary-tree/cluster",
            "kms_key_id": "",
            "log_group_class": "STANDARD",
            "name": "/aws/eks/binary-tree/cluster",
            "name_prefix": "",
            "retention_in_days": 90,
            "skip_destroy": false,
            "tags": {
              "Environment": "dev",
              "Name": "/aws/eks/binary-tree/cluster",
              "Terraform": "true"
            },
            "tags_all": {
              "Environment": "dev",
              "Name": "/aws/eks/binary-tree/cluster",
              "Terraform": "true"
            }
          },
          "sensitive_attributes": [],
          "private": "bnVsbA==",
          "create_before_destroy": true
        }
      ]
    },
    {
      "module": "module.eks",
      "mode": "managed",
      "type": "aws_ec2_tag",
      "name": "cluster_primary_security_group",
      "provider": "provider[\"registry.terraform.io/hashicorp/aws\"]",
      "instances": [
        {
          "index_key": "Environment",
          "schema_version": 0,
          "attributes": {
            "id": "sg-084b66406d2e7b2a6,Environment",
            "key": "Environment",
            "resource_id": "sg-084b66406d2e7b2a6",
            "value": "dev"
          },
          "sensitive_attributes": [],
          "private": "bnVsbA==",
          "dependencies": [
            "aws_subnet.public_subnet",
            "aws_vpc.jenkins_vpc",
            "data.aws_availability_zones.available",
            "module.eks.aws_cloudwatch_log_group.this",
            "module.eks.aws_eks_cluster.this",
            "module.eks.aws_iam_policy.cni_ipv6_policy",
            "module.eks.aws_iam_role.eks_auto",
            "module.eks.aws_iam_role.this",
            "module.eks.aws_iam_role_policy_attachment.this",
            "module.eks.aws_security_group.cluster",
            "module.eks.aws_security_group.node",
            "module.eks.aws_security_group_rule.cluster",
            "module.eks.aws_security_group_rule.node",
            "module.eks.data.aws_caller_identity.current",
            "module.eks.data.aws_iam_policy_document.assume_role_policy",
            "module.eks.data.aws_iam_policy_document.cni_ipv6_policy",
            "module.eks.data.aws_iam_policy_document.node_assume_role_policy",
            "module.eks.data.aws_iam_session_context.current",
            "module.eks.data.aws_partition.current",
            "module.eks.module.kms.aws_kms_external_key.this",
            "module.eks.module.kms.aws_kms_key.this",
            "module.eks.module.kms.aws_kms_replica_external_key.this",
            "module.eks.module.kms.aws_kms_replica_key.this",
            "module.eks.module.kms.data.aws_caller_identity.current",
            "module.eks.module.kms.data.aws_iam_policy_document.this",
            "module.eks.module.kms.data.aws_partition.current"
          ]
        },
        {
          "index_key": "Terraform",
          "schema_version": 0,
          "attributes": {
            "id": "sg-084b66406d2e7b2a6,Terraform",
            "key": "Terraform",
            "resource_id": "sg-084b66406d2e7b2a6",
            "value": "true"
          },
          "sensitive_attributes": [],
          "private": "bnVsbA==",
          "dependencies": [
            "aws_subnet.public_subnet",
            "aws_vpc.jenkins_vpc",
            "data.aws_availability_zones.available",
            "module.eks.aws_cloudwatch_log_group.this",
            "module.eks.aws_eks_cluster.this",
            "module.eks.aws_iam_policy.cni_ipv6_policy",
            "module.eks.aws_iam_role.eks_auto",
            "module.eks.aws_iam_role.this",
            "module.eks.aws_iam_role_policy_attachment.this",
            "module.eks.aws_security_group.cluster",
            "module.eks.aws_security_group.node",
            "module.eks.aws_security_group_rule.cluster",
            "module.eks.aws_security_group_rule.node",
            "module.eks.data.aws_caller_identity.current",
            "module.eks.data.aws_iam_policy_document.assume_role_policy",
            "module.eks.data.aws_iam_policy_document.cni_ipv6_policy",
            "module.eks.data.aws_iam_policy_document.node_assume_role_policy",
            "module.eks.data.aws_iam_session_context.current",
            "module.eks.data.aws_partition.current",
            "module.eks.module.kms.aws_kms_external_key.this",
            "module.eks.module.kms.aws_kms_key.this",
            "module.eks.module.kms.aws_kms_replica_external_key.this",
            "module.eks.module.kms.aws_kms_replica_key.this",
            "module.eks.module.kms.data.aws_caller_identity.current",
            "module.eks.module.kms.data.aws_iam_policy_document.this",
            "module.eks.module.kms.data.aws_partition.current"
          ]
        }
      ]
    },
    {
      "module": "module.eks",
      "mode": "managed",
      "type": "aws_eks_access_entry",
      "name": "this",
      "provider": "provider[\"registry.terraform.io/hashicorp/aws\"]",
      "instances": [
        {
          "index_key": "cluster_creator",
          "schema_version": 0,
          "attributes": {
            "access_entry_arn": "arn:aws:eks:eu-central-1:864899830569:access-entry/binary-tree/user/864899830569/orion_pc/82cafd5f-98aa-4955-237e-4760779d64b1",
            "cluster_name": "binary-tree",
            "created_at": "2025-04-03T08:23:09Z",
            "id": "binary-tree:arn:aws:iam::864899830569:user/orion_pc",
            "kubernetes_groups": [],
            "modified_at": "2025-04-03T08:23:09Z",
            "principal_arn": "arn:aws:iam::864899830569:user/orion_pc",
            "tags": {
              "Environment": "dev",
              "Terraform": "true"
            },
            "tags_all": {
              "Environment": "dev",
              "Terraform": "true"
            },
            "timeouts": null,
            "type": "STANDARD",
            "user_name": "arn:aws:iam::864899830569:user/orion_pc"
          },
          "sensitive_attributes": [],
          "private": "eyJlMmJmYjczMC1lY2FhLTExZTYtOGY4OC0zNDM2M2JjN2M0YzAiOnsiY3JlYXRlIjo2MDAwMDAwMDAwMDAsImRlbGV0ZSI6NjAwMDAwMDAwMDAwfX0=",
          "dependencies": [
            "aws_subnet.public_subnet",
            "aws_vpc.jenkins_vpc",
            "data.aws_availability_zones.available",
            "module.eks.aws_cloudwatch_log_group.this",
            "module.eks.aws_eks_cluster.this",
            "module.eks.aws_iam_policy.cni_ipv6_policy",
            "module.eks.aws_iam_role.eks_auto",
            "module.eks.aws_iam_role.this",
            "module.eks.aws_iam_role_policy_attachment.this",
            "module.eks.aws_security_group.cluster",
            "module.eks.aws_security_group.node",
            "module.eks.aws_security_group_rule.cluster",
            "module.eks.aws_security_group_rule.node",
            "module.eks.data.aws_caller_identity.current",
            "module.eks.data.aws_iam_policy_document.assume_role_policy",
            "module.eks.data.aws_iam_policy_document.cni_ipv6_policy",
            "module.eks.data.aws_iam_policy_document.node_assume_role_policy",
            "module.eks.data.aws_iam_session_context.current",
            "module.eks.data.aws_partition.current",
            "module.eks.module.kms.aws_kms_external_key.this",
            "module.eks.module.kms.aws_kms_key.this",
            "module.eks.module.kms.aws_kms_replica_external_key.this",
            "module.eks.module.kms.aws_kms_replica_key.this",
            "module.eks.module.kms.data.aws_caller_identity.current",
            "module.eks.module.kms.data.aws_iam_policy_document.this",
            "module.eks.module.kms.data.aws_partition.current"
          ]
        }
      ]
    },
    {
      "module": "module.eks",
      "mode": "managed",
      "type": "aws_eks_access_policy_association",
      "name": "this",
      "provider": "provider[\"registry.terraform.io/hashicorp/aws\"]",
      "instances": [
        {
          "index_key": "cluster_creator_admin",
          "schema_version": 0,
          "attributes": {
            "access_scope": [
              {
                "namespaces": null,
                "type": "cluster"
              }
            ],
            "associated_at": "2025-04-03 08:23:09.743 +0000 UTC",
            "cluster_name": "binary-tree",
            "id": "binary-tree#arn:aws:iam::864899830569:user/orion_pc#arn:aws:eks::aws:cluster-access-policy/AmazonEKSClusterAdminPolicy",
            "modified_at": "2025-04-03 08:23:09.743 +0000 UTC",
            "policy_arn": "arn:aws:eks::aws:cluster-access-policy/AmazonEKSClusterAdminPolicy",
            "principal_arn": "arn:aws:iam::864899830569:user/orion_pc",
            "timeouts": null
          },
          "sensitive_attributes": [],
          "private": "eyJlMmJmYjczMC1lY2FhLTExZTYtOGY4OC0zNDM2M2JjN2M0YzAiOnsiY3JlYXRlIjo2MDAwMDAwMDAwMDAsImRlbGV0ZSI6NjAwMDAwMDAwMDAwfX0=",
          "dependencies": [
            "aws_subnet.public_subnet",
            "aws_vpc.jenkins_vpc",
            "data.aws_availability_zones.available",
            "module.eks.aws_cloudwatch_log_group.this",
            "module.eks.aws_eks_access_entry.this",
            "module.eks.aws_eks_cluster.this",
            "module.eks.aws_iam_policy.cni_ipv6_policy",
            "module.eks.aws_iam_role.eks_auto",
            "module.eks.aws_iam_role.this",
            "module.eks.aws_iam_role_policy_attachment.this",
            "module.eks.aws_security_group.cluster",
            "module.eks.aws_security_group.node",
            "module.eks.aws_security_group_rule.cluster",
            "module.eks.aws_security_group_rule.node",
            "module.eks.data.aws_caller_identity.current",
            "module.eks.data.aws_iam_policy_document.assume_role_policy",
            "module.eks.data.aws_iam_policy_document.cni_ipv6_policy",
            "module.eks.data.aws_iam_policy_document.node_assume_role_policy",
            "module.eks.data.aws_iam_session_context.current",
            "module.eks.data.aws_partition.current",
            "module.eks.module.kms.aws_kms_external_key.this",
            "module.eks.module.kms.aws_kms_key.this",
            "module.eks.module.kms.aws_kms_replica_external_key.this",
            "module.eks.module.kms.aws_kms_replica_key.this",
            "module.eks.module.kms.data.aws_caller_identity.current",
            "module.eks.module.kms.data.aws_iam_policy_document.this",
            "module.eks.module.kms.data.aws_partition.current"
          ]
        }
      ]
    },
    {
      "module": "module.eks",
      "mode": "managed",
      "type": "aws_eks_cluster",
      "name": "this",
      "provider": "provider[\"registry.terraform.io/hashicorp/aws\"]",
      "instances": [
        {
          "index_key": 0,
          "schema_version": 1,
          "attributes": {
            "access_config": [
              {
                "authentication_mode": "API_AND_CONFIG_MAP",
                "bootstrap_cluster_creator_admin_permissions": false
              }
            ],
            "arn": "arn:aws:eks:eu-central-1:864899830569:cluster/binary-tree",
            "bootstrap_self_managed_addons": true,
            "certificate_authority": [
              {
                "data": "LS0tLS1CRUdJTiBDRVJUSUZJQ0FURS0tLS0tCk1JSURCVENDQWUyZ0F3SUJBZ0lJQnV2bmRPYUg3WG93RFFZSktvWklodmNOQVFFTEJRQXdGVEVUTUJFR0ExVUUKQXhNS2EzVmlaWEp1WlhSbGN6QWVGdzB5TlRBME1ETXdPREUwTURkYUZ3MHpOVEEwTURFd09ERTVNRGRhTUJVeApFekFSQmdOVkJBTVRDbXQxWW1WeWJtVjBaWE13Z2dFaU1BMEdDU3FHU0liM0RRRUJBUVVBQTRJQkR3QXdnZ0VLCkFvSUJBUUR3MnpQSmI4SUZnUXNnZUVWVHo4cTNPYXRTWTEvTUliQmlUYnJTYnZLcHVXc216ejZCWEdHVjFrMVYKczltR1hLSHplUlNwcDJqcklsMjlHdzdmNEhsUWl4MGU4azZnVUdlR3lnTkVOcUFnWGlITjVJcXRNNERCc3RvMAprNkVxWlBsMW1hcGhteUtUSUljYjB5VHRody9tNmNsVEEzSVdITnBmdVZITmJ3dlkwRStzMC80Q3hnNC9RYVNzClJhVVByQU9MSGFSc3VWMStMd2orZGJiUDcxeHR4dHNScnd4akdhcENpRitCS1BYaUgwSEZKM2MxS3E5dUtRZk0KVlYzd0hpaHhBOEFRSGQ1aUpHTGtBZWVIekRHclY4bXR5L2VVTlVRazJoQVUyRFpkVVR3RVRYdzZ4WUg2T3RMVwpROUVaU3J0Y0FBbC9WcjYwL05PR1BySGxBbjVKQWdNQkFBR2pXVEJYTUE0R0ExVWREd0VCL3dRRUF3SUNwREFQCkJnTlZIUk1CQWY4RUJUQURBUUgvTUIwR0ExVWREZ1FXQkJSMkRCZW9EaWJwbFpoTkVIaFh6Q21aaDh5eC9EQVYKQmdOVkhSRUVEakFNZ2dwcmRXSmxjbTVsZEdWek1BMEdDU3FHU0liM0RRRUJDd1VBQTRJQkFRQVVOVEFMTlNuQQpyK1RRK3Vncld1QjJ0T1N4TnE3K0c0TEh2SElZWFhDSWxQY0ppTWRyZitmUDdwSWU4ZmV1M29sWGpMRXAwMTdaCk1oeGpwaG4rMlpweE42bjJ3ZGNCa2xUTVBESlBDNmFPbUxIRnJEYXpxaEh4SWV6dEhGQTB3U2RySXNzd1d2SDUKemVJUzhweDNRZmZSdHhlSHp3cHozTUt0YWdid2FsYm4vUGZxUG9ieUdheVFYMlZZSUVSQ2ZXU1A0bVR1OHdBZQpNRlllZVFKUWFVUHNxVkxpRk95TW4rUjF0UktFdHlhaDA3eWJoVHZlcVE1b3JDNEJ4MnVYdUhua3ZUTEpRZ2JaClNVVGR2a2pyeGZkaGhqMk43NnJqUXFYMnhQd21sOEFxd0hhVXBDWlBuV1l5OS9ZajNGRmxSei9UWkNnN09GV0gKZzFsckhSbDNEL3hvCi0tLS0tRU5EIENFUlRJRklDQVRFLS0tLS0K"
              }
            ],
            "cluster_id": null,
            "compute_config": [],
            "created_at": "2025-04-03T08:14:56Z",
            "enabled_cluster_log_types": [
              "api",
              "audit",
              "authenticator"
            ],
            "encryption_config": [
              {
                "provider": [
                  {
                    "key_arn": "arn:aws:kms:eu-central-1:864899830569:key/dd2acec1-8f3d-45d0-87df-5eece0d40690"
                  }
                ],
                "resources": [
                  "secrets"
                ]
              }
            ],
            "endpoint": "https://07303EFCBEDC2A468F8CFC1AD198DB96.gr7.eu-central-1.eks.amazonaws.com",
            "id": "binary-tree",
            "identity": [
              {
                "oidc": [
                  {
                    "issuer": "https://oidc.eks.eu-central-1.amazonaws.com/id/07303EFCBEDC2A468F8CFC1AD198DB96"
                  }
                ]
              }
            ],
            "kubernetes_network_config": [
              {
                "elastic_load_balancing": [
                  {
                    "enabled": false
                  }
                ],
                "ip_family": "ipv4",
                "service_ipv4_cidr": "172.20.0.0/16",
                "service_ipv6_cidr": ""
              }
            ],
            "name": "binary-tree",
            "outpost_config": [],
            "platform_version": "eks.6",
            "remote_network_config": [],
            "role_arn": "arn:aws:iam::864899830569:role/binary-tree-cluster-20250403081418508900000001",
            "status": "ACTIVE",
            "storage_config": [],
            "tags": {
              "Environment": "dev",
              "Terraform": "true",
              "terraform-aws-modules": "eks"
            },
            "tags_all": {
              "Environment": "dev",
              "Terraform": "true",
              "terraform-aws-modules": "eks"
            },
            "timeouts": {
              "create": null,
              "delete": null,
              "update": null
            },
            "upgrade_policy": [
              {
                "support_type": "EXTENDED"
              }
            ],
            "version": "1.32",
            "vpc_config": [
              {
                "cluster_security_group_id": "sg-084b66406d2e7b2a6",
                "endpoint_private_access": true,
                "endpoint_public_access": true,
                "public_access_cidrs": [
                  "0.0.0.0/0"
                ],
                "security_group_ids": [
                  "sg-0b80edde735375296"
                ],
                "subnet_ids": [
                  "subnet-062af7b8d64d60eac",
                  "subnet-0a5d819eb03a6db0d",
                  "subnet-0c3b5c070b37a60ff"
                ],
                "vpc_id": "vpc-0bf49f16776cc166c"
              }
            ],
            "zonal_shift_config": []
          },
          "sensitive_attributes": [],
          "private": "eyJlMmJmYjczMC1lY2FhLTExZTYtOGY4OC0zNDM2M2JjN2M0YzAiOnsiY3JlYXRlIjoxODAwMDAwMDAwMDAwLCJkZWxldGUiOjkwMDAwMDAwMDAwMCwidXBkYXRlIjozNjAwMDAwMDAwMDAwfSwic2NoZW1hX3ZlcnNpb24iOiIxIn0=",
          "dependencies": [
            "aws_subnet.public_subnet",
            "aws_vpc.jenkins_vpc",
            "data.aws_availability_zones.available",
            "module.eks.aws_cloudwatch_log_group.this",
            "module.eks.aws_iam_policy.cni_ipv6_policy",
            "module.eks.aws_iam_role.eks_auto",
            "module.eks.aws_iam_role.this",
            "module.eks.aws_iam_role_policy_attachment.this",
            "module.eks.aws_security_group.cluster",
            "module.eks.aws_security_group.node",
            "module.eks.aws_security_group_rule.cluster",
            "module.eks.aws_security_group_rule.node",
            "module.eks.data.aws_caller_identity.current",
            "module.eks.data.aws_iam_policy_document.assume_role_policy",
            "module.eks.data.aws_iam_policy_document.cni_ipv6_policy",
            "module.eks.data.aws_iam_policy_document.node_assume_role_policy",
            "module.eks.data.aws_iam_session_context.current",
            "module.eks.data.aws_partition.current",
            "module.eks.module.kms.aws_kms_external_key.this",
            "module.eks.module.kms.aws_kms_key.this",
            "module.eks.module.kms.aws_kms_replica_external_key.this",
            "module.eks.module.kms.aws_kms_replica_key.this",
            "module.eks.module.kms.data.aws_caller_identity.current",
            "module.eks.module.kms.data.aws_iam_policy_document.this",
            "module.eks.module.kms.data.aws_partition.current"
          ],
          "create_before_destroy": true
        }
      ]
    },
    {
      "module": "module.eks",
      "mode": "managed",
      "type": "aws_iam_openid_connect_provider",
      "name": "oidc_provider",
      "provider": "provider[\"registry.terraform.io/hashicorp/aws\"]",
      "instances": [
        {
          "index_key": 0,
          "schema_version": 0,
          "attributes": {
            "arn": "arn:aws:iam::864899830569:oidc-provider/oidc.eks.eu-central-1.amazonaws.com/id/07303EFCBEDC2A468F8CFC1AD198DB96",
            "client_id_list": [
              "sts.amazonaws.com"
            ],
            "id": "arn:aws:iam::864899830569:oidc-provider/oidc.eks.eu-central-1.amazonaws.com/id/07303EFCBEDC2A468F8CFC1AD198DB96",
            "tags": {
              "Environment": "dev",
              "Name": "binary-tree-eks-irsa",
              "Terraform": "true"
            },
            "tags_all": {
              "Environment": "dev",
              "Name": "binary-tree-eks-irsa",
              "Terraform": "true"
            },
            "thumbprint_list": [
              "06b25927c42a721631c1efd9431e648fa62e1e39"
            ],
            "url": "oidc.eks.eu-central-1.amazonaws.com/id/07303EFCBEDC2A468F8CFC1AD198DB96"
          },
          "sensitive_attributes": [],
          "private": "bnVsbA==",
          "dependencies": [
            "aws_subnet.public_subnet",
            "aws_vpc.jenkins_vpc",
            "data.aws_availability_zones.available",
            "module.eks.aws_cloudwatch_log_group.this",
            "module.eks.aws_eks_cluster.this",
            "module.eks.aws_iam_policy.cni_ipv6_policy",
            "module.eks.aws_iam_role.eks_auto",
            "module.eks.aws_iam_role.this",
            "module.eks.aws_iam_role_policy_attachment.this",
            "module.eks.aws_security_group.cluster",
            "module.eks.aws_security_group.node",
            "module.eks.aws_security_group_rule.cluster",
            "module.eks.aws_security_group_rule.node",
            "module.eks.data.aws_caller_identity.current",
            "module.eks.data.aws_iam_policy_document.assume_role_policy",
            "module.eks.data.aws_iam_policy_document.cni_ipv6_policy",
            "module.eks.data.aws_iam_policy_document.node_assume_role_policy",
            "module.eks.data.aws_iam_session_context.current",
            "module.eks.data.aws_partition.current",
            "module.eks.data.tls_certificate.this",
            "module.eks.module.kms.aws_kms_external_key.this",
            "module.eks.module.kms.aws_kms_key.this",
            "module.eks.module.kms.aws_kms_replica_external_key.this",
            "module.eks.module.kms.aws_kms_replica_key.this",
            "module.eks.module.kms.data.aws_caller_identity.current",
            "module.eks.module.kms.data.aws_iam_policy_document.this",
            "module.eks.module.kms.data.aws_partition.current"
          ]
        }
      ]
    },
    {
      "module": "module.eks",
      "mode": "managed",
      "type": "aws_iam_policy",
      "name": "cluster_encryption",
      "provider": "provider[\"registry.terraform.io/hashicorp/aws\"]",
      "instances": [
        {
          "index_key": 0,
          "schema_version": 0,
          "attributes": {
            "arn": "arn:aws:iam::864899830569:policy/binary-tree-cluster-ClusterEncryption2025040308144114250000000e",
            "attachment_count": 0,
            "description": "Cluster encryption policy to allow cluster role to utilize CMK provided",
            "id": "arn:aws:iam::864899830569:policy/binary-tree-cluster-ClusterEncryption2025040308144114250000000e",
            "name": "binary-tree-cluster-ClusterEncryption2025040308144114250000000e",
            "name_prefix": "binary-tree-cluster-ClusterEncryption",
            "path": "/",
            "policy": "{\"Statement\":[{\"Action\":[\"kms:Encrypt\",\"kms:Decrypt\",\"kms:ListGrants\",\"kms:DescribeKey\"],\"Effect\":\"Allow\",\"Resource\":\"arn:aws:kms:eu-central-1:864899830569:key/dd2acec1-8f3d-45d0-87df-5eece0d40690\"}],\"Version\":\"2012-10-17\"}",
            "policy_id": "ANPA4SYAMCMU44Y4WZCDI",
            "tags": {
              "Environment": "dev",
              "Terraform": "true"
            },
            "tags_all": {
              "Environment": "dev",
              "Terraform": "true"
            }
          },
          "sensitive_attributes": [],
          "private": "bnVsbA==",
          "dependencies": [
            "module.eks.aws_iam_role.this",
            "module.eks.data.aws_caller_identity.current",
            "module.eks.data.aws_iam_policy_document.assume_role_policy",
            "module.eks.data.aws_iam_session_context.current",
            "module.eks.module.kms.aws_kms_external_key.this",
            "module.eks.module.kms.aws_kms_key.this",
            "module.eks.module.kms.aws_kms_replica_external_key.this",
            "module.eks.module.kms.aws_kms_replica_key.this",
            "module.eks.module.kms.data.aws_caller_identity.current",
            "module.eks.module.kms.data.aws_iam_policy_document.this",
            "module.eks.module.kms.data.aws_partition.current"
          ]
        }
      ]
    },
    {
      "module": "module.eks",
      "mode": "managed",
      "type": "aws_iam_policy",
      "name": "custom",
      "provider": "provider[\"registry.terraform.io/hashicorp/aws\"]",
      "instances": [
        {
          "index_key": 0,
          "schema_version": 0,
          "attributes": {
            "arn": "arn:aws:iam::864899830569:policy/binary-tree-cluster-20250403081418516200000003",
            "attachment_count": 0,
            "description": "",
            "id": "arn:aws:iam::864899830569:policy/binary-tree-cluster-20250403081418516200000003",
            "name": "binary-tree-cluster-20250403081418516200000003",
            "name_prefix": "binary-tree-cluster-",
            "path": "/",
            "policy": "{\"Statement\":[{\"Action\":[\"ec2:RunInstances\",\"ec2:CreateLaunchTemplate\",\"ec2:CreateFleet\"],\"Condition\":{\"StringEquals\":{\"aws:RequestTag/eks:eks-cluster-name\":\"${aws:PrincipalTag/eks:eks-cluster-name}\"},\"StringLike\":{\"aws:RequestTag/eks:kubernetes-node-class-name\":\"*\",\"aws:RequestTag/eks:kubernetes-node-pool-name\":\"*\"}},\"Effect\":\"Allow\",\"Resource\":\"*\",\"Sid\":\"Compute\"},{\"Action\":[\"ec2:CreateVolume\",\"ec2:CreateSnapshot\"],\"Condition\":{\"StringEquals\":{\"aws:RequestTag/eks:eks-cluster-name\":\"${aws:PrincipalTag/eks:eks-cluster-name}\"}},\"Effect\":\"Allow\",\"Resource\":[\"arn:aws:ec2:*:*:volume/*\",\"arn:aws:ec2:*:*:snapshot/*\"],\"Sid\":\"Storage\"},{\"Action\":\"ec2:CreateNetworkInterface\",\"Condition\":{\"StringEquals\":{\"aws:RequestTag/eks:eks-cluster-name\":\"${aws:PrincipalTag/eks:eks-cluster-name}\",\"aws:RequestTag/eks:kubernetes-cni-node-name\":\"*\"}},\"Effect\":\"Allow\",\"Resource\":\"*\",\"Sid\":\"Networking\"},{\"Action\":[\"elasticloadbalancing:CreateTargetGroup\",\"elasticloadbalancing:CreateRule\",\"elasticloadbalancing:CreateLoadBalancer\",\"elasticloadbalancing:CreateListener\",\"ec2:CreateSecurityGroup\"],\"Condition\":{\"StringEquals\":{\"aws:RequestTag/eks:eks-cluster-name\":\"${aws:PrincipalTag/eks:eks-cluster-name}\"}},\"Effect\":\"Allow\",\"Resource\":\"*\",\"Sid\":\"LoadBalancer\"},{\"Action\":\"shield:CreateProtection\",\"Condition\":{\"StringEquals\":{\"aws:RequestTag/eks:eks-cluster-name\":\"${aws:PrincipalTag/eks:eks-cluster-name}\"}},\"Effect\":\"Allow\",\"Resource\":\"*\",\"Sid\":\"ShieldProtection\"},{\"Action\":\"shield:TagResource\",\"Condition\":{\"StringEquals\":{\"aws:RequestTag/eks:eks-cluster-name\":\"${aws:PrincipalTag/eks:eks-cluster-name}\"}},\"Effect\":\"Allow\",\"Resource\":\"arn:aws:shield::*:protection/*\",\"Sid\":\"ShieldTagResource\"}],\"Version\":\"2012-10-17\"}",
            "policy_id": "ANPA4SYAMCMUYHDFTGQPJ",
            "tags": {
              "Environment": "dev",
              "Terraform": "true"
            },
            "tags_all": {
              "Environment": "dev",
              "Terraform": "true"
            }
          },
          "sensitive_attributes": [],
          "private": "bnVsbA==",
          "dependencies": [
            "module.eks.data.aws_iam_policy_document.custom",
            "module.eks.data.aws_partition.current"
          ]
        }
      ]
    },
    {
      "module": "module.eks",
      "mode": "managed",
      "type": "aws_iam_role",
      "name": "this",
      "provider": "provider[\"registry.terraform.io/hashicorp/aws\"]",
      "instances": [
        {
          "index_key": 0,
          "schema_version": 0,
          "attributes": {
            "arn": "arn:aws:iam::864899830569:role/binary-tree-cluster-20250403081418508900000001",
            "assume_role_policy": "{\"Statement\":[{\"Action\":[\"sts:TagSession\",\"sts:AssumeRole\"],\"Effect\":\"Allow\",\"Principal\":{\"Service\":\"eks.amazonaws.com\"},\"Sid\":\"EKSClusterAssumeRole\"}],\"Version\":\"2012-10-17\"}",
            "create_date": "2025-04-03T08:14:31Z",
            "description": "",
            "force_detach_policies": true,
            "id": "binary-tree-cluster-20250403081418508900000001",
            "inline_policy": [],
            "managed_policy_arns": [],
            "max_session_duration": 3600,
            "name": "binary-tree-cluster-20250403081418508900000001",
            "name_prefix": "binary-tree-cluster-",
            "path": "/",
            "permissions_boundary": "",
            "tags": {
              "Environment": "dev",
              "Terraform": "true"
            },
            "tags_all": {
              "Environment": "dev",
              "Terraform": "true"
            },
            "unique_id": "AROA4SYAMCMU3EIONLSNW"
          },
          "sensitive_attributes": [],
          "private": "bnVsbA==",
          "dependencies": [
            "module.eks.data.aws_iam_policy_document.assume_role_policy"
          ],
          "create_before_destroy": true
        }
      ]
    },
    {
      "module": "module.eks",
      "mode": "managed",
      "type": "aws_iam_role_policy_attachment",
      "name": "cluster_encryption",
      "provider": "provider[\"registry.terraform.io/hashicorp/aws\"]",
      "instances": [
        {
          "index_key": 0,
          "schema_version": 0,
          "attributes": {
            "id": "binary-tree-cluster-20250403081418508900000001-2025040308144190160000000f",
            "policy_arn": "arn:aws:iam::864899830569:policy/binary-tree-cluster-ClusterEncryption2025040308144114250000000e",
            "role": "binary-tree-cluster-20250403081418508900000001"
          },
          "sensitive_attributes": [],
          "private": "bnVsbA==",
          "dependencies": [
            "module.eks.aws_iam_policy.cluster_encryption",
            "module.eks.aws_iam_role.this",
            "module.eks.data.aws_caller_identity.current",
            "module.eks.data.aws_iam_policy_document.assume_role_policy",
            "module.eks.data.aws_iam_session_context.current",
            "module.eks.module.kms.aws_kms_external_key.this",
            "module.eks.module.kms.aws_kms_key.this",
            "module.eks.module.kms.aws_kms_replica_external_key.this",
            "module.eks.module.kms.aws_kms_replica_key.this",
            "module.eks.module.kms.data.aws_caller_identity.current",
            "module.eks.module.kms.data.aws_iam_policy_document.this",
            "module.eks.module.kms.data.aws_partition.current"
          ]
        }
      ]
    },
    {
      "module": "module.eks",
      "mode": "managed",
      "type": "aws_iam_role_policy_attachment",
      "name": "custom",
      "provider": "provider[\"registry.terraform.io/hashicorp/aws\"]",
      "instances": [
        {
          "index_key": 0,
          "schema_version": 0,
          "attributes": {
            "id": "binary-tree-cluster-20250403081418508900000001-20250403081419927200000009",
            "policy_arn": "arn:aws:iam::864899830569:policy/binary-tree-cluster-20250403081418516200000003",
            "role": "binary-tree-cluster-20250403081418508900000001"
          },
          "sensitive_attributes": [],
          "private": "bnVsbA==",
          "dependencies": [
            "module.eks.aws_iam_policy.custom",
            "module.eks.aws_iam_role.this",
            "module.eks.data.aws_iam_policy_document.assume_role_policy",
            "module.eks.data.aws_iam_policy_document.custom",
            "module.eks.data.aws_partition.current"
          ]
        }
      ]
    },
    {
      "module": "module.eks",
      "mode": "managed",
      "type": "aws_iam_role_policy_attachment",
      "name": "this",
      "provider": "provider[\"registry.terraform.io/hashicorp/aws\"]",
      "instances": [
        {
          "index_key": "AmazonEKSClusterPolicy",
          "schema_version": 0,
          "attributes": {
            "id": "binary-tree-cluster-20250403081418508900000001-20250403081419926700000008",
            "policy_arn": "arn:aws:iam::aws:policy/AmazonEKSClusterPolicy",
            "role": "binary-tree-cluster-20250403081418508900000001"
          },
          "sensitive_attributes": [],
          "private": "bnVsbA==",
          "dependencies": [
            "module.eks.aws_iam_role.this",
            "module.eks.data.aws_iam_policy_document.assume_role_policy",
            "module.eks.data.aws_partition.current"
          ],
          "create_before_destroy": true
        },
        {
          "index_key": "AmazonEKSVPCResourceController",
          "schema_version": 0,
          "attributes": {
            "id": "binary-tree-cluster-20250403081418508900000001-20250403081419858400000007",
            "policy_arn": "arn:aws:iam::aws:policy/AmazonEKSVPCResourceController",
            "role": "binary-tree-cluster-20250403081418508900000001"
          },
          "sensitive_attributes": [],
          "private": "bnVsbA==",
          "dependencies": [
            "module.eks.aws_iam_role.this",
            "module.eks.data.aws_iam_policy_document.assume_role_policy",
            "module.eks.data.aws_partition.current"
          ],
          "create_before_destroy": true
        }
      ]
    },
    {
      "module": "module.eks",
      "mode": "managed",
      "type": "aws_security_group",
      "name": "cluster",
      "provider": "provider[\"registry.terraform.io/hashicorp/aws\"]",
      "instances": [
        {
          "index_key": 0,
          "schema_version": 1,
          "attributes": {
            "arn": "arn:aws:ec2:eu-central-1:864899830569:security-group/sg-0b80edde735375296",
            "description": "EKS cluster security group",
            "egress": [],
            "id": "sg-0b80edde735375296",
            "ingress": [],
            "name": "binary-tree-cluster-2025040308143077910000000c",
            "name_prefix": "binary-tree-cluster-",
            "owner_id": "864899830569",
            "revoke_rules_on_delete": false,
            "tags": {
              "Environment": "dev",
              "Name": "binary-tree-cluster",
              "Terraform": "true"
            },
            "tags_all": {
              "Environment": "dev",
              "Name": "binary-tree-cluster",
              "Terraform": "true"
            },
            "timeouts": null,
            "vpc_id": "vpc-0bf49f16776cc166c"
          },
          "sensitive_attributes": [],
          "private": "eyJlMmJmYjczMC1lY2FhLTExZTYtOGY4OC0zNDM2M2JjN2M0YzAiOnsiY3JlYXRlIjo2MDAwMDAwMDAwMDAsImRlbGV0ZSI6OTAwMDAwMDAwMDAwfSwic2NoZW1hX3ZlcnNpb24iOiIxIn0=",
          "dependencies": [
            "aws_vpc.jenkins_vpc"
          ],
          "create_before_destroy": true
        }
      ]
    },
    {
      "module": "module.eks",
      "mode": "managed",
      "type": "aws_security_group",
      "name": "node",
      "provider": "provider[\"registry.terraform.io/hashicorp/aws\"]",
      "instances": [
        {
          "index_key": 0,
          "schema_version": 1,
          "attributes": {
            "arn": "arn:aws:ec2:eu-central-1:864899830569:security-group/sg-0a65820318e9d717d",
            "description": "EKS node shared security group",
            "egress": [],
            "id": "sg-0a65820318e9d717d",
            "ingress": [],
            "name": "binary-tree-node-2025040308143074780000000b",
            "name_prefix": "binary-tree-node-",
            "owner_id": "864899830569",
            "revoke_rules_on_delete": false,
            "tags": {
              "Environment": "dev",
              "Name": "binary-tree-node",
              "Terraform": "true",
              "kubernetes.io/cluster/binary-tree": "owned"
            },
            "tags_all": {
              "Environment": "dev",
              "Name": "binary-tree-node",
              "Terraform": "true",
              "kubernetes.io/cluster/binary-tree": "owned"
            },
            "timeouts": null,
            "vpc_id": "vpc-0bf49f16776cc166c"
          },
          "sensitive_attributes": [],
          "private": "eyJlMmJmYjczMC1lY2FhLTExZTYtOGY4OC0zNDM2M2JjN2M0YzAiOnsiY3JlYXRlIjo2MDAwMDAwMDAwMDAsImRlbGV0ZSI6OTAwMDAwMDAwMDAwfSwic2NoZW1hX3ZlcnNpb24iOiIxIn0=",
          "dependencies": [
            "aws_vpc.jenkins_vpc"
          ],
          "create_before_destroy": true
        }
      ]
    },
    {
      "module": "module.eks",
      "mode": "managed",
      "type": "aws_security_group_rule",
      "name": "cluster",
      "provider": "provider[\"registry.terraform.io/hashicorp/aws\"]",
      "instances": [
        {
          "index_key": "ingress_nodes_443",
          "schema_version": 2,
          "attributes": {
            "cidr_blocks": null,
            "description": "Node groups to cluster API",
            "from_port": 443,
            "id": "sgrule-2829326960",
            "ipv6_cidr_blocks": null,
            "prefix_list_ids": null,
            "protocol": "tcp",
            "security_group_id": "sg-0b80edde735375296",
            "security_group_rule_id": "sgr-0287108b3ea2ccedb",
            "self": false,
            "source_security_group_id": "sg-0a65820318e9d717d",
            "timeouts": null,
            "to_port": 443,
            "type": "ingress"
          },
          "sensitive_attributes": [],
          "private": "eyJlMmJmYjczMC1lY2FhLTExZTYtOGY4OC0zNDM2M2JjN2M0YzAiOnsiY3JlYXRlIjozMDAwMDAwMDAwMDB9LCJzY2hlbWFfdmVyc2lvbiI6IjIifQ==",
          "dependencies": [
            "aws_vpc.jenkins_vpc",
            "module.eks.aws_security_group.cluster",
            "module.eks.aws_security_group.node"
          ],
          "create_before_destroy": true
        }
      ]
    },
    {
      "module": "module.eks",
      "mode": "managed",
      "type": "aws_security_group_rule",
      "name": "node",
      "provider": "provider[\"registry.terraform.io/hashicorp/aws\"]",
      "instances": [
        {
          "index_key": "egress_all",
          "schema_version": 2,
          "attributes": {
            "cidr_blocks": [
              "0.0.0.0/0"
            ],
            "description": "Allow all egress",
            "from_port": 0,
            "id": "sgrule-3752438361",
            "ipv6_cidr_blocks": null,
            "prefix_list_ids": [],
            "protocol": "-1",
            "security_group_id": "sg-0a65820318e9d717d",
            "security_group_rule_id": "sgr-09b41c8369066bcbf",
            "self": false,
            "source_security_group_id": null,
            "timeouts": null,
            "to_port": 0,
            "type": "egress"
          },
          "sensitive_attributes": [],
          "private": "eyJlMmJmYjczMC1lY2FhLTExZTYtOGY4OC0zNDM2M2JjN2M0YzAiOnsiY3JlYXRlIjozMDAwMDAwMDAwMDB9LCJzY2hlbWFfdmVyc2lvbiI6IjIifQ==",
          "dependencies": [
            "aws_vpc.jenkins_vpc",
            "module.eks.aws_security_group.cluster",
            "module.eks.aws_security_group.node"
          ],
          "create_before_destroy": true
        },
        {
          "index_key": "ingress_cluster_443",
          "schema_version": 2,
          "attributes": {
            "cidr_blocks": null,
            "description": "Cluster API to node groups",
            "from_port": 443,
            "id": "sgrule-3360051711",
            "ipv6_cidr_blocks": null,
            "prefix_list_ids": [],
            "protocol": "tcp",
            "security_group_id": "sg-0a65820318e9d717d",
            "security_group_rule_id": "sgr-0a0868d2e405acf8d",
            "self": false,
            "source_security_group_id": "sg-0b80edde735375296",
            "timeouts": null,
            "to_port": 443,
            "type": "ingress"
          },
          "sensitive_attributes": [],
          "private": "eyJlMmJmYjczMC1lY2FhLTExZTYtOGY4OC0zNDM2M2JjN2M0YzAiOnsiY3JlYXRlIjozMDAwMDAwMDAwMDB9LCJzY2hlbWFfdmVyc2lvbiI6IjIifQ==",
          "dependencies": [
            "aws_vpc.jenkins_vpc",
            "module.eks.aws_security_group.cluster",
            "module.eks.aws_security_group.node"
          ],
          "create_before_destroy": true
        },
        {
          "index_key": "ingress_cluster_4443_webhook",
          "schema_version": 2,
          "attributes": {
            "cidr_blocks": null,
            "description": "Cluster API to node 4443/tcp webhook",
            "from_port": 4443,
            "id": "sgrule-1662978157",
            "ipv6_cidr_blocks": null,
            "prefix_list_ids": [],
            "protocol": "tcp",
            "security_group_id": "sg-0a65820318e9d717d",
            "security_group_rule_id": "sgr-02d038bdc6721dca6",
            "self": false,
            "source_security_group_id": "sg-0b80edde735375296",
            "timeouts": null,
            "to_port": 4443,
            "type": "ingress"
          },
          "sensitive_attributes": [],
          "private": "eyJlMmJmYjczMC1lY2FhLTExZTYtOGY4OC0zNDM2M2JjN2M0YzAiOnsiY3JlYXRlIjozMDAwMDAwMDAwMDB9LCJzY2hlbWFfdmVyc2lvbiI6IjIifQ==",
          "dependencies": [
            "aws_vpc.jenkins_vpc",
            "module.eks.aws_security_group.cluster",
            "module.eks.aws_security_group.node"
          ],
          "create_before_destroy": true
        },
        {
          "index_key": "ingress_cluster_6443_webhook",
          "schema_version": 2,
          "attributes": {
            "cidr_blocks": null,
            "description": "Cluster API to node 6443/tcp webhook",
            "from_port": 6443,
            "id": "sgrule-2858250235",
            "ipv6_cidr_blocks": null,
            "prefix_list_ids": [],
            "protocol": "tcp",
            "security_group_id": "sg-0a65820318e9d717d",
            "security_group_rule_id": "sgr-0ccaf9761b69ad498",
            "self": false,
            "source_security_group_id": "sg-0b80edde735375296",
            "timeouts": null,
            "to_port": 6443,
            "type": "ingress"
          },
          "sensitive_attributes": [],
          "private": "eyJlMmJmYjczMC1lY2FhLTExZTYtOGY4OC0zNDM2M2JjN2M0YzAiOnsiY3JlYXRlIjozMDAwMDAwMDAwMDB9LCJzY2hlbWFfdmVyc2lvbiI6IjIifQ==",
          "dependencies": [
            "aws_vpc.jenkins_vpc",
            "module.eks.aws_security_group.cluster",
            "module.eks.aws_security_group.node"
          ],
          "create_before_destroy": true
        },
        {
          "index_key": "ingress_cluster_8443_webhook",
          "schema_version": 2,
          "attributes": {
            "cidr_blocks": null,
            "description": "Cluster API to node 8443/tcp webhook",
            "from_port": 8443,
            "id": "sgrule-3103871962",
            "ipv6_cidr_blocks": null,
            "prefix_list_ids": [],
            "protocol": "tcp",
            "security_group_id": "sg-0a65820318e9d717d",
            "security_group_rule_id": "sgr-098206960052f134d",
            "self": false,
            "source_security_group_id": "sg-0b80edde735375296",
            "timeouts": null,
            "to_port": 8443,
            "type": "ingress"
          },
          "sensitive_attributes": [],
          "private": "eyJlMmJmYjczMC1lY2FhLTExZTYtOGY4OC0zNDM2M2JjN2M0YzAiOnsiY3JlYXRlIjozMDAwMDAwMDAwMDB9LCJzY2hlbWFfdmVyc2lvbiI6IjIifQ==",
          "dependencies": [
            "aws_vpc.jenkins_vpc",
            "module.eks.aws_security_group.cluster",
            "module.eks.aws_security_group.node"
          ],
          "create_before_destroy": true
        },
        {
          "index_key": "ingress_cluster_9443_webhook",
          "schema_version": 2,
          "attributes": {
            "cidr_blocks": null,
            "description": "Cluster API to node 9443/tcp webhook",
            "from_port": 9443,
            "id": "sgrule-3718275089",
            "ipv6_cidr_blocks": null,
            "prefix_list_ids": [],
            "protocol": "tcp",
            "security_group_id": "sg-0a65820318e9d717d",
            "security_group_rule_id": "sgr-0e72f1b801844ff3c",
            "self": false,
            "source_security_group_id": "sg-0b80edde735375296",
            "timeouts": null,
            "to_port": 9443,
            "type": "ingress"
          },
          "sensitive_attributes": [],
          "private": "eyJlMmJmYjczMC1lY2FhLTExZTYtOGY4OC0zNDM2M2JjN2M0YzAiOnsiY3JlYXRlIjozMDAwMDAwMDAwMDB9LCJzY2hlbWFfdmVyc2lvbiI6IjIifQ==",
          "dependencies": [
            "aws_vpc.jenkins_vpc",
            "module.eks.aws_security_group.cluster",
            "module.eks.aws_security_group.node"
          ],
          "create_before_destroy": true
        },
        {
          "index_key": "ingress_cluster_kubelet",
          "schema_version": 2,
          "attributes": {
            "cidr_blocks": null,
            "description": "Cluster API to node kubelets",
            "from_port": 10250,
            "id": "sgrule-2310632818",
            "ipv6_cidr_blocks": null,
            "prefix_list_ids": [],
            "protocol": "tcp",
            "security_group_id": "sg-0a65820318e9d717d",
            "security_group_rule_id": "sgr-030899e78886f0397",
            "self": false,
            "source_security_group_id": "sg-0b80edde735375296",
            "timeouts": null,
            "to_port": 10250,
            "type": "ingress"
          },
          "sensitive_attributes": [],
          "private": "eyJlMmJmYjczMC1lY2FhLTExZTYtOGY4OC0zNDM2M2JjN2M0YzAiOnsiY3JlYXRlIjozMDAwMDAwMDAwMDB9LCJzY2hlbWFfdmVyc2lvbiI6IjIifQ==",
          "dependencies": [
            "aws_vpc.jenkins_vpc",
            "module.eks.aws_security_group.cluster",
            "module.eks.aws_security_group.node"
          ],
          "create_before_destroy": true
        },
        {
          "index_key": "ingress_nodes_ephemeral",
          "schema_version": 2,
          "attributes": {
            "cidr_blocks": null,
            "description": "Node to node ingress on ephemeral ports",
            "from_port": 1025,
            "id": "sgrule-3810919773",
            "ipv6_cidr_blocks": null,
            "prefix_list_ids": [],
            "protocol": "tcp",
            "security_group_id": "sg-0a65820318e9d717d",
            "security_group_rule_id": "sgr-03d4c1512313dc149",
            "self": true,
            "source_security_group_id": null,
            "timeouts": null,
            "to_port": 65535,
            "type": "ingress"
          },
          "sensitive_attributes": [],
          "private": "eyJlMmJmYjczMC1lY2FhLTExZTYtOGY4OC0zNDM2M2JjN2M0YzAiOnsiY3JlYXRlIjozMDAwMDAwMDAwMDB9LCJzY2hlbWFfdmVyc2lvbiI6IjIifQ==",
          "dependencies": [
            "aws_vpc.jenkins_vpc",
            "module.eks.aws_security_group.cluster",
            "module.eks.aws_security_group.node"
          ],
          "create_before_destroy": true
        },
        {
          "index_key": "ingress_self_coredns_tcp",
          "schema_version": 2,
          "attributes": {
            "cidr_blocks": null,
            "description": "Node to node CoreDNS",
            "from_port": 53,
            "id": "sgrule-1059947270",
            "ipv6_cidr_blocks": null,
            "prefix_list_ids": [],
            "protocol": "tcp",
            "security_group_id": "sg-0a65820318e9d717d",
            "security_group_rule_id": "sgr-071195e7af7011c6e",
            "self": true,
            "source_security_group_id": null,
            "timeouts": null,
            "to_port": 53,
            "type": "ingress"
          },
          "sensitive_attributes": [],
          "private": "eyJlMmJmYjczMC1lY2FhLTExZTYtOGY4OC0zNDM2M2JjN2M0YzAiOnsiY3JlYXRlIjozMDAwMDAwMDAwMDB9LCJzY2hlbWFfdmVyc2lvbiI6IjIifQ==",
          "dependencies": [
            "aws_vpc.jenkins_vpc",
            "module.eks.aws_security_group.cluster",
            "module.eks.aws_security_group.node"
          ],
          "create_before_destroy": true
        },
        {
          "index_key": "ingress_self_coredns_udp",
          "schema_version": 2,
          "attributes": {
            "cidr_blocks": null,
            "description": "Node to node CoreDNS UDP",
            "from_port": 53,
            "id": "sgrule-2607948009",
            "ipv6_cidr_blocks": null,
            "prefix_list_ids": [],
            "protocol": "udp",
            "security_group_id": "sg-0a65820318e9d717d",
            "security_group_rule_id": "sgr-0092f313b47935f7c",
            "self": true,
            "source_security_group_id": null,
            "timeouts": null,
            "to_port": 53,
            "type": "ingress"
          },
          "sensitive_attributes": [],
          "private": "eyJlMmJmYjczMC1lY2FhLTExZTYtOGY4OC0zNDM2M2JjN2M0YzAiOnsiY3JlYXRlIjozMDAwMDAwMDAwMDB9LCJzY2hlbWFfdmVyc2lvbiI6IjIifQ==",
          "dependencies": [
            "aws_vpc.jenkins_vpc",
            "module.eks.aws_security_group.cluster",
            "module.eks.aws_security_group.node"
          ],
          "create_before_destroy": true
        }
      ]
    },
    {
      "module": "module.eks",
      "mode": "managed",
      "type": "time_sleep",
      "name": "this",
      "provider": "provider[\"registry.terraform.io/hashicorp/time\"]",
      "instances": [
        {
          "index_key": 0,
          "schema_version": 0,
          "attributes": {
            "create_duration": "30s",
            "destroy_duration": null,
            "id": "2025-04-03T08:23:26Z",
            "triggers": {
              "cluster_certificate_authority_data": "LS0tLS1CRUdJTiBDRVJUSUZJQ0FURS0tLS0tCk1JSURCVENDQWUyZ0F3SUJBZ0lJQnV2bmRPYUg3WG93RFFZSktvWklodmNOQVFFTEJRQXdGVEVUTUJFR0ExVUUKQXhNS2EzVmlaWEp1WlhSbGN6QWVGdzB5TlRBME1ETXdPREUwTURkYUZ3MHpOVEEwTURFd09ERTVNRGRhTUJVeApFekFSQmdOVkJBTVRDbXQxWW1WeWJtVjBaWE13Z2dFaU1BMEdDU3FHU0liM0RRRUJBUVVBQTRJQkR3QXdnZ0VLCkFvSUJBUUR3MnpQSmI4SUZnUXNnZUVWVHo4cTNPYXRTWTEvTUliQmlUYnJTYnZLcHVXc216ejZCWEdHVjFrMVYKczltR1hLSHplUlNwcDJqcklsMjlHdzdmNEhsUWl4MGU4azZnVUdlR3lnTkVOcUFnWGlITjVJcXRNNERCc3RvMAprNkVxWlBsMW1hcGhteUtUSUljYjB5VHRody9tNmNsVEEzSVdITnBmdVZITmJ3dlkwRStzMC80Q3hnNC9RYVNzClJhVVByQU9MSGFSc3VWMStMd2orZGJiUDcxeHR4dHNScnd4akdhcENpRitCS1BYaUgwSEZKM2MxS3E5dUtRZk0KVlYzd0hpaHhBOEFRSGQ1aUpHTGtBZWVIekRHclY4bXR5L2VVTlVRazJoQVUyRFpkVVR3RVRYdzZ4WUg2T3RMVwpROUVaU3J0Y0FBbC9WcjYwL05PR1BySGxBbjVKQWdNQkFBR2pXVEJYTUE0R0ExVWREd0VCL3dRRUF3SUNwREFQCkJnTlZIUk1CQWY4RUJUQURBUUgvTUIwR0ExVWREZ1FXQkJSMkRCZW9EaWJwbFpoTkVIaFh6Q21aaDh5eC9EQVYKQmdOVkhSRUVEakFNZ2dwcmRXSmxjbTVsZEdWek1BMEdDU3FHU0liM0RRRUJDd1VBQTRJQkFRQVVOVEFMTlNuQQpyK1RRK3Vncld1QjJ0T1N4TnE3K0c0TEh2SElZWFhDSWxQY0ppTWRyZitmUDdwSWU4ZmV1M29sWGpMRXAwMTdaCk1oeGpwaG4rMlpweE42bjJ3ZGNCa2xUTVBESlBDNmFPbUxIRnJEYXpxaEh4SWV6dEhGQTB3U2RySXNzd1d2SDUKemVJUzhweDNRZmZSdHhlSHp3cHozTUt0YWdid2FsYm4vUGZxUG9ieUdheVFYMlZZSUVSQ2ZXU1A0bVR1OHdBZQpNRlllZVFKUWFVUHNxVkxpRk95TW4rUjF0UktFdHlhaDA3eWJoVHZlcVE1b3JDNEJ4MnVYdUhua3ZUTEpRZ2JaClNVVGR2a2pyeGZkaGhqMk43NnJqUXFYMnhQd21sOEFxd0hhVXBDWlBuV1l5OS9ZajNGRmxSei9UWkNnN09GV0gKZzFsckhSbDNEL3hvCi0tLS0tRU5EIENFUlRJRklDQVRFLS0tLS0K",
              "cluster_endpoint": "https://07303EFCBEDC2A468F8CFC1AD198DB96.gr7.eu-central-1.eks.amazonaws.com",
              "cluster_name": "binary-tree",
              "cluster_service_cidr": "172.20.0.0/16",
              "cluster_version": "1.32"
            }
          },
          "sensitive_attributes": [],
          "dependencies": [
            "aws_subnet.public_subnet",
            "aws_vpc.jenkins_vpc",
            "data.aws_availability_zones.available",
            "module.eks.aws_cloudwatch_log_group.this",
            "module.eks.aws_eks_cluster.this",
            "module.eks.aws_iam_policy.cni_ipv6_policy",
            "module.eks.aws_iam_role.eks_auto",
            "module.eks.aws_iam_role.this",
            "module.eks.aws_iam_role_policy_attachment.this",
            "module.eks.aws_security_group.cluster",
            "module.eks.aws_security_group.node",
            "module.eks.aws_security_group_rule.cluster",
            "module.eks.aws_security_group_rule.node",
            "module.eks.data.aws_caller_identity.current",
            "module.eks.data.aws_iam_policy_document.assume_role_policy",
            "module.eks.data.aws_iam_policy_document.cni_ipv6_policy",
            "module.eks.data.aws_iam_policy_document.node_assume_role_policy",
            "module.eks.data.aws_iam_session_context.current",
            "module.eks.data.aws_partition.current",
            "module.eks.module.kms.aws_kms_external_key.this",
            "module.eks.module.kms.aws_kms_key.this",
            "module.eks.module.kms.aws_kms_replica_external_key.this",
            "module.eks.module.kms.aws_kms_replica_key.this",
            "module.eks.module.kms.data.aws_caller_identity.current",
            "module.eks.module.kms.data.aws_iam_policy_document.this",
            "module.eks.module.kms.data.aws_partition.current"
          ],
          "create_before_destroy": true
        }
      ]
    },
    {
      "module": "module.eks.module.eks_managed_node_group[\"binary-tree\"]",
      "mode": "data",
      "type": "aws_caller_identity",
      "name": "current",
      "provider": "provider[\"registry.terraform.io/hashicorp/aws\"]",
      "instances": [
        {
          "schema_version": 0,
          "attributes": {
            "account_id": "864899830569",
            "arn": "arn:aws:iam::864899830569:user/orion_pc",
            "id": "864899830569",
            "user_id": "AIDA4SYAMCMUTMQSRH7MY"
          },
          "sensitive_attributes": []
        }
      ]
    },
    {
      "module": "module.eks.module.eks_managed_node_group[\"binary-tree\"]",
      "mode": "data",
      "type": "aws_iam_policy_document",
      "name": "assume_role_policy",
      "provider": "provider[\"registry.terraform.io/hashicorp/aws\"]",
      "instances": [
        {
          "index_key": 0,
          "schema_version": 0,
          "attributes": {
            "id": "2560088296",
            "json": "{\n  \"Version\": \"2012-10-17\",\n  \"Statement\": [\n    {\n      \"Sid\": \"EKSNodeAssumeRole\",\n      \"Effect\": \"Allow\",\n      \"Action\": \"sts:AssumeRole\",\n      \"Principal\": {\n        \"Service\": \"ec2.amazonaws.com\"\n      }\n    }\n  ]\n}",
            "minified_json": "{\"Version\":\"2012-10-17\",\"Statement\":[{\"Sid\":\"EKSNodeAssumeRole\",\"Effect\":\"Allow\",\"Action\":\"sts:AssumeRole\",\"Principal\":{\"Service\":\"ec2.amazonaws.com\"}}]}",
            "override_json": null,
            "override_policy_documents": null,
            "policy_id": null,
            "source_json": null,
            "source_policy_documents": null,
            "statement": [
              {
                "actions": [
                  "sts:AssumeRole"
                ],
                "condition": [],
                "effect": "Allow",
                "not_actions": [],
                "not_principals": [],
                "not_resources": [],
                "principals": [
                  {
                    "identifiers": [
                      "ec2.amazonaws.com"
                    ],
                    "type": "Service"
                  }
                ],
                "resources": [],
                "sid": "EKSNodeAssumeRole"
              }
            ],
            "version": "2012-10-17"
          },
          "sensitive_attributes": []
        }
      ]
    },
    {
      "module": "module.eks.module.eks_managed_node_group[\"binary-tree\"]",
      "mode": "data",
      "type": "aws_partition",
      "name": "current",
      "provider": "provider[\"registry.terraform.io/hashicorp/aws\"]",
      "instances": [
        {
          "schema_version": 0,
          "attributes": {
            "dns_suffix": "amazonaws.com",
            "id": "aws",
            "partition": "aws",
            "reverse_dns_prefix": "com.amazonaws"
          },
          "sensitive_attributes": []
        }
      ]
    },
    {
      "module": "module.eks.module.eks_managed_node_group[\"binary-tree\"]",
      "mode": "managed",
      "type": "aws_eks_node_group",
      "name": "this",
      "provider": "provider[\"registry.terraform.io/hashicorp/aws\"]",
      "instances": [
        {
          "index_key": 0,
          "schema_version": 0,
          "attributes": {
            "ami_type": "AL2023_x86_64_STANDARD",
            "arn": "arn:aws:eks:eu-central-1:864899830569:nodegroup/binary-tree/binary-tree-20250403082332439600000014/32cafd5f-de96-2bcf-9088-31fd4f64baf0",
            "capacity_type": "ON_DEMAND",
            "cluster_name": "binary-tree",
            "disk_size": 0,
            "force_update_version": null,
            "id": "binary-tree:binary-tree-20250403082332439600000014",
            "instance_types": [
              "t3.medium"
            ],
            "labels": null,
            "launch_template": [
              {
                "id": "lt-087ca10f49dfa31f1",
                "name": "binary-tree-20250403082326754800000012",
                "version": "1"
              }
            ],
            "node_group_name": "binary-tree-20250403082332439600000014",
            "node_group_name_prefix": "binary-tree-",
            "node_repair_config": [],
            "node_role_arn": "arn:aws:iam::864899830569:role/binary-tree-eks-node-group-20250403081418515700000002",
            "release_version": "1.32.1-20250317",
            "remote_access": [],
            "resources": [
              {
                "autoscaling_groups": [
                  {
                    "name": "eks-binary-tree-20250403082332439600000014-32cafd5f-de96-2bcf-9088-31fd4f64baf0"
                  }
                ],
                "remote_access_security_group_id": ""
              }
            ],
            "scaling_config": [
              {
                "desired_size": 1,
                "max_size": 3,
                "min_size": 1
              }
            ],
            "status": "ACTIVE",
            "subnet_ids": [
              "subnet-062af7b8d64d60eac",
              "subnet-0a5d819eb03a6db0d",
              "subnet-0c3b5c070b37a60ff"
            ],
            "tags": {
              "Environment": "dev",
              "Name": "binary-tree",
              "Terraform": "true"
            },
            "tags_all": {
              "Environment": "dev",
              "Name": "binary-tree",
              "Terraform": "true"
            },
            "taint": [],
            "timeouts": {
              "create": null,
              "delete": null,
              "update": null
            },
            "update_config": [
              {
                "max_unavailable": 0,
                "max_unavailable_percentage": 33
              }
            ],
            "version": "1.32"
          },
          "sensitive_attributes": [],
          "private": "eyJlMmJmYjczMC1lY2FhLTExZTYtOGY4OC0zNDM2M2JjN2M0YzAiOnsiY3JlYXRlIjozNjAwMDAwMDAwMDAwLCJkZWxldGUiOjM2MDAwMDAwMDAwMDAsInVwZGF0ZSI6MzYwMDAwMDAwMDAwMH19",
          "dependencies": [
            "aws_subnet.public_subnet",
            "aws_vpc.jenkins_vpc",
            "data.aws_availability_zones.available",
            "module.eks.aws_cloudwatch_log_group.this",
            "module.eks.aws_eks_cluster.this",
            "module.eks.aws_iam_policy.cni_ipv6_policy",
            "module.eks.aws_iam_role.eks_auto",
            "module.eks.aws_iam_role.this",
            "module.eks.aws_iam_role_policy_attachment.this",
            "module.eks.aws_security_group.cluster",
            "module.eks.aws_security_group.node",
            "module.eks.aws_security_group_rule.cluster",
            "module.eks.aws_security_group_rule.node",
            "module.eks.data.aws_caller_identity.current",
            "module.eks.data.aws_iam_policy_document.assume_role_policy",
            "module.eks.data.aws_iam_policy_document.cni_ipv6_policy",
            "module.eks.data.aws_iam_policy_document.node_assume_role_policy",
            "module.eks.data.aws_iam_session_context.current",
            "module.eks.data.aws_partition.current",
            "module.eks.module.eks_managed_node_group.aws_iam_role.this",
            "module.eks.module.eks_managed_node_group.aws_iam_role_policy_attachment.additional",
            "module.eks.module.eks_managed_node_group.aws_iam_role_policy_attachment.this",
            "module.eks.module.eks_managed_node_group.aws_launch_template.this",
            "module.eks.module.eks_managed_node_group.aws_placement_group.this",
            "module.eks.module.eks_managed_node_group.data.aws_caller_identity.current",
            "module.eks.module.eks_managed_node_group.data.aws_ec2_instance_type.this",
            "module.eks.module.eks_managed_node_group.data.aws_ec2_instance_type_offerings.this",
            "module.eks.module.eks_managed_node_group.data.aws_iam_policy_document.assume_role_policy",
            "module.eks.module.eks_managed_node_group.data.aws_partition.current",
            "module.eks.module.eks_managed_node_group.data.aws_ssm_parameter.ami",
            "module.eks.module.eks_managed_node_group.data.aws_subnets.placement_group",
            "module.eks.module.eks_managed_node_group.module.user_data.data.cloudinit_config.al2023_eks_managed_node_group",
            "module.eks.module.eks_managed_node_group.module.user_data.data.cloudinit_config.linux_eks_managed_node_group",
            "module.eks.module.kms.aws_kms_external_key.this",
            "module.eks.module.kms.aws_kms_key.this",
            "module.eks.module.kms.aws_kms_replica_external_key.this",
            "module.eks.module.kms.aws_kms_replica_key.this",
            "module.eks.module.kms.data.aws_caller_identity.current",
            "module.eks.module.kms.data.aws_iam_policy_document.this",
            "module.eks.module.kms.data.aws_partition.current",
            "module.eks.time_sleep.this"
          ],
          "create_before_destroy": true
        }
      ]
    },
    {
      "module": "module.eks.module.eks_managed_node_group[\"binary-tree\"]",
      "mode": "managed",
      "type": "aws_iam_role",
      "name": "this",
      "provider": "provider[\"registry.terraform.io/hashicorp/aws\"]",
      "instances": [
        {
          "index_key": 0,
          "schema_version": 0,
          "attributes": {
            "arn": "arn:aws:iam::864899830569:role/binary-tree-eks-node-group-20250403081418515700000002",
            "assume_role_policy": "{\"Statement\":[{\"Action\":\"sts:AssumeRole\",\"Effect\":\"Allow\",\"Principal\":{\"Service\":\"ec2.amazonaws.com\"},\"Sid\":\"EKSNodeAssumeRole\"}],\"Version\":\"2012-10-17\"}",
            "create_date": "2025-04-03T08:14:31Z",
            "description": "EKS managed node group IAM role",
            "force_detach_policies": true,
            "id": "binary-tree-eks-node-group-20250403081418515700000002",
            "inline_policy": [],
            "managed_policy_arns": [],
            "max_session_duration": 3600,
            "name": "binary-tree-eks-node-group-20250403081418515700000002",
            "name_prefix": "binary-tree-eks-node-group-",
            "path": "/",
            "permissions_boundary": "",
            "tags": {
              "Environment": "dev",
              "Terraform": "true"
            },
            "tags_all": {
              "Environment": "dev",
              "Terraform": "true"
            },
            "unique_id": "AROA4SYAMCMUV7NHVZM76"
          },
          "sensitive_attributes": [],
          "private": "bnVsbA==",
          "dependencies": [
            "module.eks.module.eks_managed_node_group.data.aws_iam_policy_document.assume_role_policy"
          ],
          "create_before_destroy": true
        }
      ]
    },
    {
      "module": "module.eks.module.eks_managed_node_group[\"binary-tree\"]",
      "mode": "managed",
      "type": "aws_iam_role_policy_attachment",
      "name": "this",
      "provider": "provider[\"registry.terraform.io/hashicorp/aws\"]",
      "instances": [
        {
          "index_key": "AmazonEC2ContainerRegistryReadOnly",
          "schema_version": 0,
          "attributes": {
            "id": "binary-tree-eks-node-group-20250403081418515700000002-20250403081419749600000004",
            "policy_arn": "arn:aws:iam::aws:policy/AmazonEC2ContainerRegistryReadOnly",
            "role": "binary-tree-eks-node-group-20250403081418515700000002"
          },
          "sensitive_attributes": [],
          "private": "bnVsbA==",
          "dependencies": [
            "module.eks.module.eks_managed_node_group.aws_iam_role.this",
            "module.eks.module.eks_managed_node_group.data.aws_caller_identity.current",
            "module.eks.module.eks_managed_node_group.data.aws_iam_policy_document.assume_role_policy",
            "module.eks.module.eks_managed_node_group.data.aws_partition.current"
          ],
          "create_before_destroy": true
        },
        {
          "index_key": "AmazonEKSWorkerNodePolicy",
          "schema_version": 0,
          "attributes": {
            "id": "binary-tree-eks-node-group-20250403081418515700000002-20250403081419749600000005",
            "policy_arn": "arn:aws:iam::aws:policy/AmazonEKSWorkerNodePolicy",
            "role": "binary-tree-eks-node-group-20250403081418515700000002"
          },
          "sensitive_attributes": [],
          "private": "bnVsbA==",
          "dependencies": [
            "module.eks.module.eks_managed_node_group.aws_iam_role.this",
            "module.eks.module.eks_managed_node_group.data.aws_caller_identity.current",
            "module.eks.module.eks_managed_node_group.data.aws_iam_policy_document.assume_role_policy",
            "module.eks.module.eks_managed_node_group.data.aws_partition.current"
          ],
          "create_before_destroy": true
        },
        {
          "index_key": "AmazonEKS_CNI_Policy",
          "schema_version": 0,
          "attributes": {
            "id": "binary-tree-eks-node-group-20250403081418515700000002-20250403081419786900000006",
            "policy_arn": "arn:aws:iam::aws:policy/AmazonEKS_CNI_Policy",
            "role": "binary-tree-eks-node-group-20250403081418515700000002"
          },
          "sensitive_attributes": [],
          "private": "bnVsbA==",
          "dependencies": [
            "module.eks.module.eks_managed_node_group.aws_iam_role.this",
            "module.eks.module.eks_managed_node_group.data.aws_caller_identity.current",
            "module.eks.module.eks_managed_node_group.data.aws_iam_policy_document.assume_role_policy",
            "module.eks.module.eks_managed_node_group.data.aws_partition.current"
          ],
          "create_before_destroy": true
        }
      ]
    },
    {
      "module": "module.eks.module.eks_managed_node_group[\"binary-tree\"]",
      "mode": "managed",
      "type": "aws_launch_template",
      "name": "this",
      "provider": "provider[\"registry.terraform.io/hashicorp/aws\"]",
      "instances": [
        {
          "index_key": 0,
          "schema_version": 0,
          "attributes": {
            "arn": "arn:aws:ec2:eu-central-1:864899830569:launch-template/lt-087ca10f49dfa31f1",
            "block_device_mappings": [],
            "capacity_reservation_specification": [],
            "cpu_options": [],
            "credit_specification": [],
            "default_version": 1,
            "description": "Custom launch template for binary-tree EKS managed node group",
            "disable_api_stop": false,
            "disable_api_termination": false,
            "ebs_optimized": "",
            "elastic_gpu_specifications": [],
            "elastic_inference_accelerator": [],
            "enclave_options": [],
            "hibernation_options": [],
            "iam_instance_profile": [],
            "id": "lt-087ca10f49dfa31f1",
            "image_id": "",
            "instance_initiated_shutdown_behavior": "",
            "instance_market_options": [],
            "instance_requirements": [],
            "instance_type": "",
            "kernel_id": "",
            "key_name": "",
            "latest_version": 1,
            "license_specification": [],
            "maintenance_options": [],
            "metadata_options": [
              {
                "http_endpoint": "enabled",
                "http_protocol_ipv6": "",
                "http_put_response_hop_limit": 2,
                "http_tokens": "required",
                "instance_metadata_tags": ""
              }
            ],
            "monitoring": [
              {
                "enabled": true
              }
            ],
            "name": "binary-tree-20250403082326754800000012",
            "name_prefix": "binary-tree-",
            "network_interfaces": [],
            "placement": [],
            "private_dns_name_options": [],
            "ram_disk_id": "",
            "security_group_names": null,
            "tag_specifications": [
              {
                "resource_type": "instance",
                "tags": {
                  "Environment": "dev",
                  "Name": "binary-tree",
                  "Terraform": "true"
                }
              },
              {
                "resource_type": "network-interface",
                "tags": {
                  "Environment": "dev",
                  "Name": "binary-tree",
                  "Terraform": "true"
                }
              },
              {
                "resource_type": "volume",
                "tags": {
                  "Environment": "dev",
                  "Name": "binary-tree",
                  "Terraform": "true"
                }
              }
            ],
            "tags": {
              "Environment": "dev",
              "Terraform": "true"
            },
            "tags_all": {
              "Environment": "dev",
              "Terraform": "true"
            },
            "update_default_version": true,
            "user_data": "",
            "vpc_security_group_ids": [
              "sg-0a65820318e9d717d"
            ]
          },
          "sensitive_attributes": [],
          "private": "bnVsbA==",
          "dependencies": [
            "aws_subnet.public_subnet",
            "aws_vpc.jenkins_vpc",
            "data.aws_availability_zones.available",
            "module.eks.aws_cloudwatch_log_group.this",
            "module.eks.aws_eks_cluster.this",
            "module.eks.aws_iam_policy.cni_ipv6_policy",
            "module.eks.aws_iam_role.eks_auto",
            "module.eks.aws_iam_role.this",
            "module.eks.aws_iam_role_policy_attachment.this",
            "module.eks.aws_security_group.cluster",
            "module.eks.aws_security_group.node",
            "module.eks.aws_security_group_rule.cluster",
            "module.eks.aws_security_group_rule.node",
            "module.eks.data.aws_caller_identity.current",
            "module.eks.data.aws_iam_policy_document.assume_role_policy",
            "module.eks.data.aws_iam_policy_document.cni_ipv6_policy",
            "module.eks.data.aws_iam_policy_document.node_assume_role_policy",
            "module.eks.data.aws_iam_session_context.current",
            "module.eks.data.aws_partition.current",
            "module.eks.module.eks_managed_node_group.aws_iam_role.this",
            "module.eks.module.eks_managed_node_group.aws_iam_role_policy_attachment.additional",
            "module.eks.module.eks_managed_node_group.aws_iam_role_policy_attachment.this",
            "module.eks.module.eks_managed_node_group.aws_placement_group.this",
            "module.eks.module.eks_managed_node_group.data.aws_caller_identity.current",
            "module.eks.module.eks_managed_node_group.data.aws_ec2_instance_type.this",
            "module.eks.module.eks_managed_node_group.data.aws_iam_policy_document.assume_role_policy",
            "module.eks.module.eks_managed_node_group.data.aws_partition.current",
            "module.eks.module.eks_managed_node_group.module.user_data.data.cloudinit_config.al2023_eks_managed_node_group",
            "module.eks.module.eks_managed_node_group.module.user_data.data.cloudinit_config.linux_eks_managed_node_group",
            "module.eks.module.kms.aws_kms_external_key.this",
            "module.eks.module.kms.aws_kms_key.this",
            "module.eks.module.kms.aws_kms_replica_external_key.this",
            "module.eks.module.kms.aws_kms_replica_key.this",
            "module.eks.module.kms.data.aws_caller_identity.current",
            "module.eks.module.kms.data.aws_iam_policy_document.this",
            "module.eks.module.kms.data.aws_partition.current",
            "module.eks.time_sleep.this"
          ],
          "create_before_destroy": true
        }
      ]
    },
    {
      "module": "module.eks.module.eks_managed_node_group[\"binary-tree\"].module.user_data",
      "mode": "managed",
      "type": "null_resource",
      "name": "validate_cluster_service_cidr",
      "provider": "provider[\"registry.terraform.io/hashicorp/null\"]",
      "instances": [
        {
          "schema_version": 0,
          "attributes": {
            "id": "467397346725857683",
            "triggers": null
          },
          "sensitive_attributes": [],
          "dependencies": [
            "aws_subnet.public_subnet",
            "aws_vpc.jenkins_vpc",
            "data.aws_availability_zones.available",
            "module.eks.aws_cloudwatch_log_group.this",
            "module.eks.aws_eks_cluster.this",
            "module.eks.aws_iam_policy.cni_ipv6_policy",
            "module.eks.aws_iam_role.eks_auto",
            "module.eks.aws_iam_role.this",
            "module.eks.aws_iam_role_policy_attachment.this",
            "module.eks.aws_security_group.cluster",
            "module.eks.aws_security_group.node",
            "module.eks.aws_security_group_rule.cluster",
            "module.eks.aws_security_group_rule.node",
            "module.eks.data.aws_caller_identity.current",
            "module.eks.data.aws_iam_policy_document.assume_role_policy",
            "module.eks.data.aws_iam_policy_document.cni_ipv6_policy",
            "module.eks.data.aws_iam_policy_document.node_assume_role_policy",
            "module.eks.data.aws_iam_session_context.current",
            "module.eks.data.aws_partition.current",
            "module.eks.module.kms.aws_kms_external_key.this",
            "module.eks.module.kms.aws_kms_key.this",
            "module.eks.module.kms.aws_kms_replica_external_key.this",
            "module.eks.module.kms.aws_kms_replica_key.this",
            "module.eks.module.kms.data.aws_caller_identity.current",
            "module.eks.module.kms.data.aws_iam_policy_document.this",
            "module.eks.module.kms.data.aws_partition.current",
            "module.eks.time_sleep.this"
          ]
        }
      ]
    },
    {
      "module": "module.eks.module.kms",
      "mode": "data",
      "type": "aws_caller_identity",
      "name": "current",
      "provider": "provider[\"registry.terraform.io/hashicorp/aws\"]",
      "instances": [
        {
          "index_key": 0,
          "schema_version": 0,
          "attributes": {
            "account_id": "864899830569",
            "arn": "arn:aws:iam::864899830569:user/orion_pc",
            "id": "864899830569",
            "user_id": "AIDA4SYAMCMUTMQSRH7MY"
          },
          "sensitive_attributes": []
        }
      ]
    },
    {
      "module": "module.eks.module.kms",
      "mode": "data",
      "type": "aws_iam_policy_document",
      "name": "this",
      "provider": "provider[\"registry.terraform.io/hashicorp/aws\"]",
      "instances": [
        {
          "index_key": 0,
          "schema_version": 0,
          "attributes": {
            "id": "3950903441",
            "json": "{\n  \"Version\": \"2012-10-17\",\n  \"Statement\": [\n    {\n      \"Sid\": \"Default\",\n      \"Effect\": \"Allow\",\n      \"Action\": \"kms:*\",\n      \"Resource\": \"*\",\n      \"Principal\": {\n        \"AWS\": \"arn:aws:iam::864899830569:root\"\n      }\n    },\n    {\n      \"Sid\": \"KeyAdministration\",\n      \"Effect\": \"Allow\",\n      \"Action\": [\n        \"kms:Update*\",\n        \"kms:UntagResource\",\n        \"kms:TagResource\",\n        \"kms:ScheduleKeyDeletion\",\n        \"kms:Revoke*\",\n        \"kms:ReplicateKey\",\n        \"kms:Put*\",\n        \"kms:List*\",\n        \"kms:ImportKeyMaterial\",\n        \"kms:Get*\",\n        \"kms:Enable*\",\n        \"kms:Disable*\",\n        \"kms:Describe*\",\n        \"kms:Delete*\",\n        \"kms:Create*\",\n        \"kms:CancelKeyDeletion\"\n      ],\n      \"Resource\": \"*\",\n      \"Principal\": {\n        \"AWS\": \"arn:aws:iam::864899830569:user/orion_pc\"\n      }\n    },\n    {\n      \"Sid\": \"KeyUsage\",\n      \"Effect\": \"Allow\",\n      \"Action\": [\n        \"kms:ReEncrypt*\",\n        \"kms:GenerateDataKey*\",\n        \"kms:Encrypt\",\n        \"kms:DescribeKey\",\n        \"kms:Decrypt\"\n      ],\n      \"Resource\": \"*\",\n      \"Principal\": {\n        \"AWS\": \"arn:aws:iam::864899830569:role/binary-tree-cluster-20250403081418508900000001\"\n      }\n    }\n  ]\n}",
            "minified_json": "{\"Version\":\"2012-10-17\",\"Statement\":[{\"Sid\":\"Default\",\"Effect\":\"Allow\",\"Action\":\"kms:*\",\"Resource\":\"*\",\"Principal\":{\"AWS\":\"arn:aws:iam::864899830569:root\"}},{\"Sid\":\"KeyAdministration\",\"Effect\":\"Allow\",\"Action\":[\"kms:Update*\",\"kms:UntagResource\",\"kms:TagResource\",\"kms:ScheduleKeyDeletion\",\"kms:Revoke*\",\"kms:ReplicateKey\",\"kms:Put*\",\"kms:List*\",\"kms:ImportKeyMaterial\",\"kms:Get*\",\"kms:Enable*\",\"kms:Disable*\",\"kms:Describe*\",\"kms:Delete*\",\"kms:Create*\",\"kms:CancelKeyDeletion\"],\"Resource\":\"*\",\"Principal\":{\"AWS\":\"arn:aws:iam::864899830569:user/orion_pc\"}},{\"Sid\":\"KeyUsage\",\"Effect\":\"Allow\",\"Action\":[\"kms:ReEncrypt*\",\"kms:GenerateDataKey*\",\"kms:Encrypt\",\"kms:DescribeKey\",\"kms:Decrypt\"],\"Resource\":\"*\",\"Principal\":{\"AWS\":\"arn:aws:iam::864899830569:role/binary-tree-cluster-20250403081418508900000001\"}}]}",
            "override_json": null,
            "override_policy_documents": null,
            "policy_id": null,
            "source_json": null,
            "source_policy_documents": null,
            "statement": [
              {
                "actions": [
                  "kms:*"
                ],
                "condition": [],
                "effect": "Allow",
                "not_actions": [],
                "not_principals": [],
                "not_resources": [],
                "principals": [
                  {
                    "identifiers": [
                      "arn:aws:iam::864899830569:root"
                    ],
                    "type": "AWS"
                  }
                ],
                "resources": [
                  "*"
                ],
                "sid": "Default"
              },
              {
                "actions": [
                  "kms:CancelKeyDeletion",
                  "kms:Create*",
                  "kms:Delete*",
                  "kms:Describe*",
                  "kms:Disable*",
                  "kms:Enable*",
                  "kms:Get*",
                  "kms:ImportKeyMaterial",
                  "kms:List*",
                  "kms:Put*",
                  "kms:ReplicateKey",
                  "kms:Revoke*",
                  "kms:ScheduleKeyDeletion",
                  "kms:TagResource",
                  "kms:UntagResource",
                  "kms:Update*"
                ],
                "condition": [],
                "effect": "Allow",
                "not_actions": [],
                "not_principals": [],
                "not_resources": [],
                "principals": [
                  {
                    "identifiers": [
                      "arn:aws:iam::864899830569:user/orion_pc"
                    ],
                    "type": "AWS"
                  }
                ],
                "resources": [
                  "*"
                ],
                "sid": "KeyAdministration"
              },
              {
                "actions": [
                  "kms:Decrypt",
                  "kms:DescribeKey",
                  "kms:Encrypt",
                  "kms:GenerateDataKey*",
                  "kms:ReEncrypt*"
                ],
                "condition": [],
                "effect": "Allow",
                "not_actions": [],
                "not_principals": [],
                "not_resources": [],
                "principals": [
                  {
                    "identifiers": [
                      "arn:aws:iam::864899830569:role/binary-tree-cluster-20250403081418508900000001"
                    ],
                    "type": "AWS"
                  }
                ],
                "resources": [
                  "*"
                ],
                "sid": "KeyUsage"
              }
            ],
            "version": "2012-10-17"
          },
          "sensitive_attributes": []
        }
      ]
    },
    {
      "module": "module.eks.module.kms",
      "mode": "data",
      "type": "aws_partition",
      "name": "current",
      "provider": "provider[\"registry.terraform.io/hashicorp/aws\"]",
      "instances": [
        {
          "index_key": 0,
          "schema_version": 0,
          "attributes": {
            "dns_suffix": "amazonaws.com",
            "id": "aws",
            "partition": "aws",
            "reverse_dns_prefix": "com.amazonaws"
          },
          "sensitive_attributes": []
        }
      ]
    },
    {
      "module": "module.eks.module.kms",
      "mode": "managed",
      "type": "aws_kms_alias",
      "name": "this",
      "provider": "provider[\"registry.terraform.io/hashicorp/aws\"]",
      "instances": [
        {
          "index_key": "cluster",
          "schema_version": 0,
          "attributes": {
            "arn": "arn:aws:kms:eu-central-1:864899830569:alias/eks/binary-tree",
            "id": "alias/eks/binary-tree",
            "name": "alias/eks/binary-tree",
            "name_prefix": "",
            "target_key_arn": "arn:aws:kms:eu-central-1:864899830569:key/dd2acec1-8f3d-45d0-87df-5eece0d40690",
            "target_key_id": "dd2acec1-8f3d-45d0-87df-5eece0d40690"
          },
          "sensitive_attributes": [],
          "private": "bnVsbA==",
          "dependencies": [
            "module.eks.aws_iam_role.this",
            "module.eks.data.aws_caller_identity.current",
            "module.eks.data.aws_iam_policy_document.assume_role_policy",
            "module.eks.data.aws_iam_session_context.current",
            "module.eks.module.kms.aws_kms_external_key.this",
            "module.eks.module.kms.aws_kms_key.this",
            "module.eks.module.kms.aws_kms_replica_external_key.this",
            "module.eks.module.kms.aws_kms_replica_key.this",
            "module.eks.module.kms.data.aws_caller_identity.current",
            "module.eks.module.kms.data.aws_iam_policy_document.this",
            "module.eks.module.kms.data.aws_partition.current"
          ]
        }
      ]
    },
    {
      "module": "module.eks.module.kms",
      "mode": "managed",
      "type": "aws_kms_key",
      "name": "this",
      "provider": "provider[\"registry.terraform.io/hashicorp/aws\"]",
      "instances": [
        {
          "index_key": 0,
          "schema_version": 0,
          "attributes": {
            "arn": "arn:aws:kms:eu-central-1:864899830569:key/dd2acec1-8f3d-45d0-87df-5eece0d40690",
            "bypass_policy_lockout_safety_check": false,
            "custom_key_store_id": "",
            "customer_master_key_spec": "SYMMETRIC_DEFAULT",
            "deletion_window_in_days": null,
            "description": "binary-tree cluster encryption key",
            "enable_key_rotation": true,
            "id": "dd2acec1-8f3d-45d0-87df-5eece0d40690",
            "is_enabled": true,
            "key_id": "dd2acec1-8f3d-45d0-87df-5eece0d40690",
            "key_usage": "ENCRYPT_DECRYPT",
            "multi_region": false,
            "policy": "{\"Statement\":[{\"Action\":\"kms:*\",\"Effect\":\"Allow\",\"Principal\":{\"AWS\":\"arn:aws:iam::864899830569:root\"},\"Resource\":\"*\",\"Sid\":\"Default\"},{\"Action\":[\"kms:Update*\",\"kms:UntagResource\",\"kms:TagResource\",\"kms:ScheduleKeyDeletion\",\"kms:Revoke*\",\"kms:ReplicateKey\",\"kms:Put*\",\"kms:List*\",\"kms:ImportKeyMaterial\",\"kms:Get*\",\"kms:Enable*\",\"kms:Disable*\",\"kms:Describe*\",\"kms:Delete*\",\"kms:Create*\",\"kms:CancelKeyDeletion\"],\"Effect\":\"Allow\",\"Principal\":{\"AWS\":\"arn:aws:iam::864899830569:user/orion_pc\"},\"Resource\":\"*\",\"Sid\":\"KeyAdministration\"},{\"Action\":[\"kms:ReEncrypt*\",\"kms:GenerateDataKey*\",\"kms:Encrypt\",\"kms:DescribeKey\",\"kms:Decrypt\"],\"Effect\":\"Allow\",\"Principal\":{\"AWS\":\"arn:aws:iam::864899830569:role/binary-tree-cluster-20250403081418508900000001\"},\"Resource\":\"*\",\"Sid\":\"KeyUsage\"}],\"Version\":\"2012-10-17\"}",
            "rotation_period_in_days": 365,
            "tags": {
              "Environment": "dev",
              "Terraform": "true",
              "terraform-aws-modules": "eks"
            },
            "tags_all": {
              "Environment": "dev",
              "Terraform": "true",
              "terraform-aws-modules": "eks"
            },
            "timeouts": null,
            "xks_key_id": ""
          },
          "sensitive_attributes": [],
          "private": "eyJlMmJmYjczMC1lY2FhLTExZTYtOGY4OC0zNDM2M2JjN2M0YzAiOnsiY3JlYXRlIjoxMjAwMDAwMDAwMDB9fQ==",
          "dependencies": [
            "module.eks.aws_iam_role.this",
            "module.eks.data.aws_caller_identity.current",
            "module.eks.data.aws_iam_policy_document.assume_role_policy",
            "module.eks.data.aws_iam_session_context.current",
            "module.eks.module.kms.data.aws_caller_identity.current",
            "module.eks.module.kms.data.aws_iam_policy_document.this",
            "module.eks.module.kms.data.aws_partition.current"
          ],
          "create_before_destroy": true
        }
      ]
    }
  ],
  "check_results": [
    {
      "object_kind": "resource",
      "config_addr": "module.eks.module.self_managed_node_group.module.user_data.null_resource.validate_cluster_service_cidr",
      "status": "pass",
      "objects": null
    },
    {
      "object_kind": "resource",
      "config_addr": "module.eks.module.eks_managed_node_group.module.user_data.null_resource.validate_cluster_service_cidr",
      "status": "pass",
      "objects": [
        {
          "object_addr": "module.eks.module.eks_managed_node_group[\"binary-tree\"].module.user_data.null_resource.validate_cluster_service_cidr",
          "status": "pass"
        }
      ]
    },
    {
      "object_kind": "var",
      "config_addr": "module.eks.module.self_managed_node_group.var.platform",
      "status": "pass",
      "objects": null
    }
  ]
}
